{
  "version": 4,
  "terraform_version": "1.5.5",
  "serial": 73,
  "lineage": "13726f0e-497f-efe7-68c2-c0abac019b79",
  "outputs": {
    "cluster_endpoint": {
      "value": "https://ED5E88221DB75D129882B74851BB340B.gr7.ap-south-1.eks.amazonaws.com",
      "type": "string"
    },
    "db_instance_endpoint": {
      "value": "punjab-prod-fsm-eks-db.cq2b7v4okuhm.ap-south-1.rds.amazonaws.com:5432",
      "type": "string"
    },
    "db_instance_name": {
      "value": "punjab_prod_fsm_db",
      "type": "string"
    },
    "db_instance_port": {
      "value": 5432,
      "type": "number"
    },
    "db_instance_username": {
      "value": "punjabprodfsm",
      "type": "string",
      "sensitive": true
    },
    "es_data_infra_volume_ids": {
      "value": [
        "vol-025226d34f18cb2ab",
        "vol-0c913b89ea61f772e",
        "vol-08295a3b16e1420ba"
      ],
      "type": [
        "tuple",
        [
          "string",
          "string",
          "string"
        ]
      ]
    },
    "es_data_volume_ids": {
      "value": [
        "vol-0dfe5691fe666eb12",
        "vol-00d217cd586825507",
        "vol-0c984e906205b4fab"
      ],
      "type": [
        "tuple",
        [
          "string",
          "string",
          "string"
        ]
      ]
    },
    "es_master_infra_volume_ids": {
      "value": [
        "vol-0cb70bce4345e0eb4",
        "vol-068e985176e46d06b",
        "vol-074f971c4a4494975"
      ],
      "type": [
        "tuple",
        [
          "string",
          "string",
          "string"
        ]
      ]
    },
    "es_master_volume_ids": {
      "value": [
        "vol-0a54377b301236b60",
        "vol-073f00502b393bf8e",
        "vol-08791c4371940644d"
      ],
      "type": [
        "tuple",
        [
          "string",
          "string",
          "string"
        ]
      ]
    },
    "kafka_infra_vol_ids": {
      "value": [
        "vol-01ab215bc8f626b41",
        "vol-0c76adfeff4b14c60",
        "vol-06b847c047d43c1f3"
      ],
      "type": [
        "tuple",
        [
          "string",
          "string",
          "string"
        ]
      ]
    },
    "kafka_vol_ids": {
      "value": [
        "vol-0406ce74ed87dce3e",
        "vol-0c0539103c93aedc4",
        "vol-027f38309e445f329"
      ],
      "type": [
        "tuple",
        [
          "string",
          "string",
          "string"
        ]
      ]
    },
    "kms_key": {
      "value": "arn:aws:kms:ap-south-1:023860687624:key/f29c7485-2228-4391-821c-4708703ed668",
      "type": "string"
    },
    "kubectl_config": {
      "value": "apiVersion: v1\npreferences: {}\nkind: Config\n\nclusters:\n- cluster:\n    server: https://ED5E88221DB75D129882B74851BB340B.gr7.ap-south-1.eks.amazonaws.com\n    certificate-authority-data: LS0tLS1CRUdJTiBDRVJUSUZJQ0FURS0tLS0tCk1JSUMvakNDQWVhZ0F3SUJBZ0lCQURBTkJna3Foa2lHOXcwQkFRc0ZBREFWTVJNd0VRWURWUVFERXdwcmRXSmwKY201bGRHVnpNQjRYRFRJek1EZ3dOREE0TXpreE5Wb1hEVE16TURnd01UQTRNemt4TlZvd0ZURVRNQkVHQTFVRQpBeE1LYTNWaVpYSnVaWFJsY3pDQ0FTSXdEUVlKS29aSWh2Y05BUUVCQlFBRGdnRVBBRENDQVFvQ2dnRUJBTm96ClZzLzZHNy9tdGttZDRKMGlnUktjbWtqblZGZDY2ZHROb3k5aml4Y3Z5NTZCSENQQld0TllsOGFQcTNBazZLSFcKOUhPYVZobmg2Q3RybU1CK1lnRzZVbDRhcldQZGRCSE1KcGJMV1dkQmtLQlhVdUV1MUN6b2xqWExiUkRFaHBuNgoreVVkbEVwcmhRK2VQVFhZZFlEa2wzQm1iVUhaY1dYVDgyczg2aFdESXVNbFNJY216MnBTdlVQVlRrODZubFBQClVRSVVNeTJKZnh2Z0FubmQ2UFRLV2UxN0ZWYXZ4SHVwRlZ3a2hMSXNhdHg0RFFEZXBuWnhmLy9KYkVVSjRLTnIKaWttYW54UVRRK3ZFVUhGMERSVWpXeCtQZDA2OFU3Lzc4Um9ZTGllaEhhNHdvSXpLWG5IMFpleE9ZVUwxNzRsTgoyK3VrRDR4bEtLWWR4Qk1JZW1rQ0F3RUFBYU5aTUZjd0RnWURWUjBQQVFIL0JBUURBZ0trTUE4R0ExVWRFd0VCCi93UUZNQU1CQWY4d0hRWURWUjBPQkJZRUZKa0kyZnVFWFdiRGdjWkZsWUQzTE1VY2hRRGtNQlVHQTFVZEVRUU8KTUF5Q0NtdDFZbVZ5Ym1WMFpYTXdEUVlKS29aSWh2Y05BUUVMQlFBRGdnRUJBQXg1RVQ5VEY5L0Fqa2VtalMrSgp5am1KUk55Tm1IckROR0ZNYzljbFFRc3hkR2R5MFVoMXJZa0FXL1paWjFzWlBiN0FkUHRvbzlCM1draXFtNmlrCkVlNWpqTVpkWGozNnAvaGkwcS8zRUtmNURpVVNwY3M5cmxQb2tFdzRlOFc0MkNwWlJKZ3BkR3BqRzQyWFpYRmsKUUhGZHBQcGQ4dzRYeTkxb0hBRDRNREJWc3B3bFNnTHpZS1NXU0tkTXVFNy9pU3RPWmh0WGMrQWJROXBUUi9ENwpzMHQxYVVMNzhaUUx3Q2tWYzIxU2UyaTJ3SklKWDdWaytIRXVyZ3U0ZnplZFZMYy9FNFc3RG5ySXVKa1VaMWR6CkJnODdSclkxT0V5VUxaa0tBSFN3alNDTGV5Z2VTMkZyeVRIKzcxWENsZjVMeGtzbEVyRW9seE1oSHRaQXpseDMKS3g4PQotLS0tLUVORCBDRVJUSUZJQ0FURS0tLS0tCg==\n  name: eks_punjab-prod-fsm-eks\n\ncontexts:\n- context:\n    cluster: eks_punjab-prod-fsm-eks\n    user: eks_punjab-prod-fsm-eks\n  name: eks_punjab-prod-fsm-eks\n\ncurrent-context: eks_punjab-prod-fsm-eks\n\nusers:\n- name: eks_punjab-prod-fsm-eks\n  user:\n    exec:\n      apiVersion: client.authentication.k8s.io/v1alpha1\n      command: aws-iam-authenticator\n      args:\n        - \"token\"\n        - \"-i\"\n        - \"punjab-prod-fsm-eks\"\n",
      "type": "string"
    },
    "private_subnets": {
      "value": [
        "subnet-059d4c258f5f830e7",
        "subnet-05609e9d151f73e1b"
      ],
      "type": [
        "tuple",
        [
          "string",
          "string"
        ]
      ]
    },
    "public_subnets": {
      "value": [
        "subnet-070c5419e3946c898",
        "subnet-0bace6652807f6578"
      ],
      "type": [
        "tuple",
        [
          "string",
          "string"
        ]
      ]
    },
    "vpc_id": {
      "value": "vpc-094e5140bca95a452",
      "type": "string"
    },
    "zookeeper_volume_ids": {
      "value": [
        "vol-0679819502fcab58a",
        "vol-0998924f330a23b99",
        "vol-0d2c961078e0bf839"
      ],
      "type": [
        "tuple",
        [
          "string",
          "string",
          "string"
        ]
      ]
    }
  },
  "resources": [
    {
      "mode": "data",
      "type": "aws_availability_zones",
      "name": "available",
      "provider": "provider[\"registry.terraform.io/hashicorp/aws\"]",
      "instances": [
        {
          "schema_version": 0,
          "attributes": {
            "all_availability_zones": null,
            "exclude_names": null,
            "exclude_zone_ids": null,
            "filter": null,
            "group_names": [
              "ap-south-1"
            ],
            "id": "ap-south-1",
            "names": [
              "ap-south-1a",
              "ap-south-1b",
              "ap-south-1c"
            ],
            "state": null,
            "timeouts": null,
            "zone_ids": [
              "aps1-az1",
              "aps1-az3",
              "aps1-az2"
            ]
          },
          "sensitive_attributes": []
        }
      ]
    },
    {
      "mode": "data",
      "type": "aws_caller_identity",
      "name": "current",
      "provider": "provider[\"registry.terraform.io/hashicorp/aws\"]",
      "instances": [
        {
          "schema_version": 0,
          "attributes": {
            "account_id": "023860687624",
            "arn": "arn:aws:iam::023860687624:user/punjab-prod-fsm",
            "id": "023860687624",
            "user_id": "AIDAQLDRVGMECVJK5JOR4"
          },
          "sensitive_attributes": []
        }
      ]
    },
    {
      "mode": "data",
      "type": "aws_eks_cluster",
      "name": "cluster",
      "provider": "provider[\"registry.terraform.io/hashicorp/aws\"]",
      "instances": [
        {
          "schema_version": 0,
          "attributes": {
            "arn": "arn:aws:eks:ap-south-1:023860687624:cluster/punjab-prod-fsm-eks",
            "certificate_authority": [
              {
                "data": "LS0tLS1CRUdJTiBDRVJUSUZJQ0FURS0tLS0tCk1JSUMvakNDQWVhZ0F3SUJBZ0lCQURBTkJna3Foa2lHOXcwQkFRc0ZBREFWTVJNd0VRWURWUVFERXdwcmRXSmwKY201bGRHVnpNQjRYRFRJek1EZ3dOREE0TXpreE5Wb1hEVE16TURnd01UQTRNemt4TlZvd0ZURVRNQkVHQTFVRQpBeE1LYTNWaVpYSnVaWFJsY3pDQ0FTSXdEUVlKS29aSWh2Y05BUUVCQlFBRGdnRVBBRENDQVFvQ2dnRUJBTm96ClZzLzZHNy9tdGttZDRKMGlnUktjbWtqblZGZDY2ZHROb3k5aml4Y3Z5NTZCSENQQld0TllsOGFQcTNBazZLSFcKOUhPYVZobmg2Q3RybU1CK1lnRzZVbDRhcldQZGRCSE1KcGJMV1dkQmtLQlhVdUV1MUN6b2xqWExiUkRFaHBuNgoreVVkbEVwcmhRK2VQVFhZZFlEa2wzQm1iVUhaY1dYVDgyczg2aFdESXVNbFNJY216MnBTdlVQVlRrODZubFBQClVRSVVNeTJKZnh2Z0FubmQ2UFRLV2UxN0ZWYXZ4SHVwRlZ3a2hMSXNhdHg0RFFEZXBuWnhmLy9KYkVVSjRLTnIKaWttYW54UVRRK3ZFVUhGMERSVWpXeCtQZDA2OFU3Lzc4Um9ZTGllaEhhNHdvSXpLWG5IMFpleE9ZVUwxNzRsTgoyK3VrRDR4bEtLWWR4Qk1JZW1rQ0F3RUFBYU5aTUZjd0RnWURWUjBQQVFIL0JBUURBZ0trTUE4R0ExVWRFd0VCCi93UUZNQU1CQWY4d0hRWURWUjBPQkJZRUZKa0kyZnVFWFdiRGdjWkZsWUQzTE1VY2hRRGtNQlVHQTFVZEVRUU8KTUF5Q0NtdDFZbVZ5Ym1WMFpYTXdEUVlKS29aSWh2Y05BUUVMQlFBRGdnRUJBQXg1RVQ5VEY5L0Fqa2VtalMrSgp5am1KUk55Tm1IckROR0ZNYzljbFFRc3hkR2R5MFVoMXJZa0FXL1paWjFzWlBiN0FkUHRvbzlCM1draXFtNmlrCkVlNWpqTVpkWGozNnAvaGkwcS8zRUtmNURpVVNwY3M5cmxQb2tFdzRlOFc0MkNwWlJKZ3BkR3BqRzQyWFpYRmsKUUhGZHBQcGQ4dzRYeTkxb0hBRDRNREJWc3B3bFNnTHpZS1NXU0tkTXVFNy9pU3RPWmh0WGMrQWJROXBUUi9ENwpzMHQxYVVMNzhaUUx3Q2tWYzIxU2UyaTJ3SklKWDdWaytIRXVyZ3U0ZnplZFZMYy9FNFc3RG5ySXVKa1VaMWR6CkJnODdSclkxT0V5VUxaa0tBSFN3alNDTGV5Z2VTMkZyeVRIKzcxWENsZjVMeGtzbEVyRW9seE1oSHRaQXpseDMKS3g4PQotLS0tLUVORCBDRVJUSUZJQ0FURS0tLS0tCg=="
              }
            ],
            "cluster_id": null,
            "created_at": "2023-08-04 08:34:54.616 +0000 UTC",
            "enabled_cluster_log_types": [],
            "endpoint": "https://ED5E88221DB75D129882B74851BB340B.gr7.ap-south-1.eks.amazonaws.com",
            "id": "punjab-prod-fsm-eks",
            "identity": [
              {
                "oidc": [
                  {
                    "issuer": "https://oidc.eks.ap-south-1.amazonaws.com/id/ED5E88221DB75D129882B74851BB340B"
                  }
                ]
              }
            ],
            "kubernetes_network_config": [
              {
                "ip_family": "ipv4",
                "service_ipv4_cidr": "10.100.0.0/16",
                "service_ipv6_cidr": ""
              }
            ],
            "name": "punjab-prod-fsm-eks",
            "outpost_config": [],
            "platform_version": "eks.15",
            "role_arn": "arn:aws:iam::023860687624:role/punjab-prod-fsm-eks20230803164147937900000007",
            "status": "ACTIVE",
            "tags": {
              "KubernetesCluster": "punjab-prod-fsm-eks",
              "kubernetes.io/cluster/punjab-prod-fsm-eks": "owned"
            },
            "version": "1.22",
            "vpc_config": [
              {
                "cluster_security_group_id": "sg-0e6ff3f6187db3afa",
                "endpoint_private_access": false,
                "endpoint_public_access": true,
                "public_access_cidrs": [
                  "0.0.0.0/0"
                ],
                "security_group_ids": [
                  "sg-0ca7cd24176cb9417"
                ],
                "subnet_ids": [
                  "subnet-05609e9d151f73e1b",
                  "subnet-059d4c258f5f830e7",
                  "subnet-070c5419e3946c898",
                  "subnet-0bace6652807f6578"
                ],
                "vpc_id": "vpc-094e5140bca95a452"
              }
            ]
          },
          "sensitive_attributes": []
        }
      ]
    },
    {
      "mode": "data",
      "type": "aws_eks_cluster_auth",
      "name": "cluster",
      "provider": "provider[\"registry.terraform.io/hashicorp/aws\"]",
      "instances": [
        {
          "schema_version": 0,
          "attributes": {
            "id": "punjab-prod-fsm-eks",
            "name": "punjab-prod-fsm-eks",
            "token": "k8s-aws-v1.aHR0cHM6Ly9zdHMuYW1hem9uYXdzLmNvbS8_QWN0aW9uPUdldENhbGxlcklkZW50aXR5JlZlcnNpb249MjAxMS0wNi0xNSZYLUFtei1BbGdvcml0aG09QVdTNC1ITUFDLVNIQTI1NiZYLUFtei1DcmVkZW50aWFsPUFLSUFRTERSVkdNRUM3WEY2NVc2JTJGMjAyMzA4MDQlMkZ1cy1lYXN0LTElMkZzdHMlMkZhd3M0X3JlcXVlc3QmWC1BbXotRGF0ZT0yMDIzMDgwNFQwODUyNDdaJlgtQW16LUV4cGlyZXM9MCZYLUFtei1TaWduZWRIZWFkZXJzPWhvc3QlM0J4LWs4cy1hd3MtaWQmWC1BbXotU2lnbmF0dXJlPTdjZjQ1MGYxYjEwODNlNGU1YjE1NTc1ZmY0ZmZjYTEyNDg0MmY4M2Q1YmE2NDgwZjgxOGY3MWMzYmUyNTk1Njg"
          },
          "sensitive_attributes": []
        }
      ]
    },
    {
      "mode": "data",
      "type": "aws_region",
      "name": "current",
      "provider": "provider[\"registry.terraform.io/hashicorp/aws\"]",
      "instances": [
        {
          "schema_version": 0,
          "attributes": {
            "description": "Asia Pacific (Mumbai)",
            "endpoint": "ec2.ap-south-1.amazonaws.com",
            "id": "ap-south-1",
            "name": "ap-south-1"
          },
          "sensitive_attributes": []
        }
      ]
    },
    {
      "mode": "managed",
      "type": "aws_kms_alias",
      "name": "kms_alias",
      "provider": "provider[\"registry.terraform.io/hashicorp/aws\"]",
      "instances": [
        {
          "schema_version": 0,
          "attributes": {
            "arn": "arn:aws:kms:ap-south-1:023860687624:alias/padma-key",
            "id": "alias/padma-key",
            "name": "alias/padma-key",
            "name_prefix": "",
            "target_key_arn": "arn:aws:kms:ap-south-1:023860687624:key/f29c7485-2228-4391-821c-4708703ed668",
            "target_key_id": "f29c7485-2228-4391-821c-4708703ed668"
          },
          "sensitive_attributes": [],
          "private": "bnVsbA==",
          "dependencies": [
            "aws_kms_key.kms_key",
            "data.aws_caller_identity.current"
          ]
        }
      ]
    },
    {
      "mode": "managed",
      "type": "aws_kms_key",
      "name": "kms_key",
      "provider": "provider[\"registry.terraform.io/hashicorp/aws\"]",
      "instances": [
        {
          "schema_version": 0,
          "attributes": {
            "arn": "arn:aws:kms:ap-south-1:023860687624:key/f29c7485-2228-4391-821c-4708703ed668",
            "bypass_policy_lockout_safety_check": false,
            "custom_key_store_id": "",
            "customer_master_key_spec": "SYMMETRIC_DEFAULT",
            "deletion_window_in_days": null,
            "description": "sops KMS key to encrypt and decrypt sops",
            "enable_key_rotation": false,
            "id": "f29c7485-2228-4391-821c-4708703ed668",
            "is_enabled": true,
            "key_id": "f29c7485-2228-4391-821c-4708703ed668",
            "key_usage": "ENCRYPT_DECRYPT",
            "multi_region": false,
            "policy": "{\"Id\":\"key-consolepolicy-3\",\"Statement\":[{\"Action\":\"kms:*\",\"Effect\":\"Allow\",\"Principal\":{\"AWS\":\"arn:aws:iam::023860687624:user/punjab-prod-fsm\"},\"Resource\":\"*\",\"Sid\":\"Enable IAM User Permissions\"},{\"Action\":[\"kms:Create*\",\"kms:Describe*\",\"kms:Enable*\",\"kms:List*\",\"kms:Put*\",\"kms:Update*\",\"kms:Revoke*\",\"kms:Disable*\",\"kms:Get*\",\"kms:Delete*\",\"kms:TagResource\",\"kms:UntagResource\",\"kms:ScheduleKeyDeletion\",\"kms:CancelKeyDeletion\"],\"Effect\":\"Allow\",\"Principal\":{\"AWS\":\"arn:aws:iam::023860687624:user/punjab-prod-fsm\"},\"Resource\":\"*\",\"Sid\":\"Allow access for Key Administrators\"},{\"Action\":[\"kms:Encrypt\",\"kms:Decrypt\",\"kms:ReEncrypt*\",\"kms:GenerateDataKey*\",\"kms:DescribeKey\"],\"Effect\":\"Allow\",\"Principal\":{\"AWS\":\"arn:aws:iam::023860687624:user/punjab-prod-fsm\"},\"Resource\":\"*\",\"Sid\":\"Allow use of the key\"},{\"Action\":[\"kms:CreateGrant\",\"kms:ListGrants\",\"kms:RevokeGrant\"],\"Condition\":{\"Bool\":{\"kms:GrantIsForAWSResource\":\"true\"}},\"Effect\":\"Allow\",\"Principal\":{\"AWS\":\"arn:aws:iam::023860687624:user/punjab-prod-fsm\"},\"Resource\":\"*\",\"Sid\":\"Allow attachment of persistent resources\"}],\"Version\":\"2012-10-17\"}",
            "tags": {},
            "tags_all": {}
          },
          "sensitive_attributes": [],
          "private": "bnVsbA==",
          "dependencies": [
            "data.aws_caller_identity.current"
          ]
        }
      ]
    },
    {
      "mode": "managed",
      "type": "aws_security_group_rule",
      "name": "rds_db_ingress_workers",
      "provider": "provider[\"registry.terraform.io/hashicorp/aws\"]",
      "instances": [
        {
          "schema_version": 2,
          "attributes": {
            "cidr_blocks": null,
            "description": "Allow worker nodes to communicate with RDS database",
            "from_port": 5432,
            "id": "sgrule-4212565227",
            "ipv6_cidr_blocks": null,
            "prefix_list_ids": null,
            "protocol": "tcp",
            "security_group_id": "sg-053cff7fb4d81f43e",
            "security_group_rule_id": "sgr-034592828db47f58e",
            "self": false,
            "source_security_group_id": "sg-0ca7cd24176cb9417",
            "timeouts": null,
            "to_port": 5432,
            "type": "ingress"
          },
          "sensitive_attributes": [],
          "private": "eyJlMmJmYjczMC1lY2FhLTExZTYtOGY4OC0zNDM2M2JjN2M0YzAiOnsiY3JlYXRlIjozMDAwMDAwMDAwMDB9LCJzY2hlbWFfdmVyc2lvbiI6IjIifQ==",
          "dependencies": [
            "module.eks.aws_security_group.cluster",
            "module.network.aws_security_group.rds_db_sg",
            "module.network.aws_vpc.vpc"
          ]
        }
      ]
    },
    {
      "module": "module.db",
      "mode": "managed",
      "type": "aws_db_instance",
      "name": "rds_postgres",
      "provider": "provider[\"registry.terraform.io/hashicorp/aws\"]",
      "instances": [
        {
          "schema_version": 2,
          "attributes": {
            "address": "punjab-prod-fsm-eks-db.cq2b7v4okuhm.ap-south-1.rds.amazonaws.com",
            "allocated_storage": 10,
            "allow_major_version_upgrade": null,
            "apply_immediately": false,
            "arn": "arn:aws:rds:ap-south-1:023860687624:db:punjab-prod-fsm-eks-db",
            "auto_minor_version_upgrade": true,
            "availability_zone": "ap-south-1b",
            "backup_retention_period": 7,
            "backup_target": "region",
            "backup_window": "21:29-21:59",
            "blue_green_update": [],
            "ca_cert_identifier": "rds-ca-2019",
            "character_set_name": "",
            "copy_tags_to_snapshot": true,
            "custom_iam_instance_profile": "",
            "customer_owned_ip_enabled": false,
            "db_name": "punjab_prod_fsm_db",
            "db_subnet_group_name": "db-subnet-group-punjab-prod-fsm-eks",
            "delete_automated_backups": true,
            "deletion_protection": false,
            "domain": "",
            "domain_iam_role_name": "",
            "enabled_cloudwatch_logs_exports": [],
            "endpoint": "punjab-prod-fsm-eks-db.cq2b7v4okuhm.ap-south-1.rds.amazonaws.com:5432",
            "engine": "postgres",
            "engine_version": "11.20",
            "engine_version_actual": "11.20",
            "final_snapshot_identifier": null,
            "hosted_zone_id": "Z2VFMSZA74J7XZ",
            "iam_database_authentication_enabled": false,
            "id": "db-HLKNULD76UAUPH2MHOO7MNJ54Y",
            "identifier": "punjab-prod-fsm-eks-db",
            "identifier_prefix": "",
            "instance_class": "db.t3.medium",
            "iops": 0,
            "kms_key_id": "",
            "latest_restorable_time": "2023-08-04T08:47:57Z",
            "license_model": "postgresql-license",
            "listener_endpoint": [],
            "maintenance_window": "wed:08:05-wed:08:35",
            "manage_master_user_password": null,
            "master_user_secret": [],
            "master_user_secret_kms_key_id": null,
            "max_allocated_storage": 0,
            "monitoring_interval": 0,
            "monitoring_role_arn": "",
            "multi_az": false,
            "nchar_character_set_name": "",
            "network_type": "IPV4",
            "option_group_name": "default:postgres-11",
            "parameter_group_name": "default.postgres11",
            "password": "punjabprodfsm123",
            "performance_insights_enabled": false,
            "performance_insights_kms_key_id": "",
            "performance_insights_retention_period": 0,
            "port": 5432,
            "publicly_accessible": false,
            "replica_mode": "",
            "replicas": [],
            "replicate_source_db": "",
            "resource_id": "db-HLKNULD76UAUPH2MHOO7MNJ54Y",
            "restore_to_point_in_time": [],
            "s3_import": [],
            "skip_final_snapshot": true,
            "snapshot_identifier": null,
            "status": "available",
            "storage_encrypted": false,
            "storage_throughput": 0,
            "storage_type": "gp2",
            "tags": {
              "Name": "punjab-prod-fsm-eks-db",
              "environment": "punjab-prod-fsm-eks"
            },
            "tags_all": {
              "Name": "punjab-prod-fsm-eks-db",
              "environment": "punjab-prod-fsm-eks"
            },
            "timeouts": null,
            "timezone": "",
            "username": "punjabprodfsm",
            "vpc_security_group_ids": [
              "sg-053cff7fb4d81f43e"
            ]
          },
          "sensitive_attributes": [],
          "private": "eyJlMmJmYjczMC1lY2FhLTExZTYtOGY4OC0zNDM2M2JjN2M0YzAiOnsiY3JlYXRlIjoyNDAwMDAwMDAwMDAwLCJkZWxldGUiOjM2MDAwMDAwMDAwMDAsInVwZGF0ZSI6NDgwMDAwMDAwMDAwMH0sInNjaGVtYV92ZXJzaW9uIjoiMiJ9",
          "dependencies": [
            "module.db.aws_db_subnet_group.db_subnet_group",
            "module.network.aws_security_group.rds_db_sg",
            "module.network.aws_subnet.private_subnet",
            "module.network.aws_vpc.vpc"
          ]
        }
      ]
    },
    {
      "module": "module.db",
      "mode": "managed",
      "type": "aws_db_subnet_group",
      "name": "db_subnet_group",
      "provider": "provider[\"registry.terraform.io/hashicorp/aws\"]",
      "instances": [
        {
          "schema_version": 0,
          "attributes": {
            "arn": "arn:aws:rds:ap-south-1:023860687624:subgrp:db-subnet-group-punjab-prod-fsm-eks",
            "description": "Managed by Terraform",
            "id": "db-subnet-group-punjab-prod-fsm-eks",
            "name": "db-subnet-group-punjab-prod-fsm-eks",
            "name_prefix": "",
            "subnet_ids": [
              "subnet-05609e9d151f73e1b",
              "subnet-059d4c258f5f830e7"
            ],
            "supported_network_types": [
              "IPV4"
            ],
            "tags": {
              "Name": "db-subnet-group-punjab-prod-fsm-eks",
              "environment": "punjab-prod-fsm-eks"
            },
            "tags_all": {
              "Name": "db-subnet-group-punjab-prod-fsm-eks",
              "environment": "punjab-prod-fsm-eks"
            },
            "vpc_id": "vpc-094e5140bca95a452"
          },
          "sensitive_attributes": [],
          "private": "bnVsbA==",
          "dependencies": [
            "module.network.aws_subnet.private_subnet",
            "module.network.aws_vpc.vpc"
          ]
        }
      ]
    },
    {
      "module": "module.eks",
      "mode": "data",
      "type": "aws_ami",
      "name": "eks_worker",
      "provider": "provider[\"registry.terraform.io/hashicorp/aws\"]",
      "instances": [
        {
          "index_key": 0,
          "schema_version": 0,
          "attributes": {
            "architecture": "x86_64",
            "arn": "arn:aws:ec2:ap-south-1::image/ami-06ef51151943063fd",
            "block_device_mappings": [
              {
                "device_name": "/dev/xvda",
                "ebs": {
                  "delete_on_termination": "true",
                  "encrypted": "false",
                  "iops": "0",
                  "snapshot_id": "snap-02a300e1f25956d3d",
                  "throughput": "0",
                  "volume_size": "20",
                  "volume_type": "gp2"
                },
                "no_device": "",
                "virtual_name": ""
              }
            ],
            "boot_mode": "",
            "creation_date": "2023-07-03T11:20:06.000Z",
            "deprecation_time": "2025-07-03T11:20:06.000Z",
            "description": "EKS Kubernetes Worker AMI with AmazonLinux2 image, (k8s: 1.22.17, docker: 20.10.23-1.amzn2.0.1, containerd: 1.6.*)",
            "ena_support": true,
            "executable_users": null,
            "filter": [
              {
                "name": "name",
                "values": [
                  "amazon-eks-node-1.22-v*"
                ]
              }
            ],
            "hypervisor": "xen",
            "id": "ami-06ef51151943063fd",
            "image_id": "ami-06ef51151943063fd",
            "image_location": "amazon/amazon-eks-node-1.22-v20230703",
            "image_owner_alias": "amazon",
            "image_type": "machine",
            "imds_support": "",
            "include_deprecated": false,
            "kernel_id": "",
            "most_recent": true,
            "name": "amazon-eks-node-1.22-v20230703",
            "name_regex": null,
            "owner_id": "602401143452",
            "owners": [
              "amazon"
            ],
            "platform": "",
            "platform_details": "Linux/UNIX",
            "product_codes": [],
            "public": true,
            "ramdisk_id": "",
            "root_device_name": "/dev/xvda",
            "root_device_type": "ebs",
            "root_snapshot_id": "snap-02a300e1f25956d3d",
            "sriov_net_support": "simple",
            "state": "available",
            "state_reason": {
              "code": "UNSET",
              "message": "UNSET"
            },
            "tags": {},
            "timeouts": null,
            "tpm_support": "",
            "usage_operation": "RunInstances",
            "virtualization_type": "hvm"
          },
          "sensitive_attributes": []
        }
      ]
    },
    {
      "module": "module.eks",
      "mode": "data",
      "type": "aws_caller_identity",
      "name": "current",
      "provider": "provider[\"registry.terraform.io/hashicorp/aws\"]",
      "instances": [
        {
          "schema_version": 0,
          "attributes": {
            "account_id": "023860687624",
            "arn": "arn:aws:iam::023860687624:user/punjab-prod-fsm",
            "id": "023860687624",
            "user_id": "AIDAQLDRVGMECVJK5JOR4"
          },
          "sensitive_attributes": []
        }
      ]
    },
    {
      "module": "module.eks",
      "mode": "data",
      "type": "aws_iam_policy_document",
      "name": "cluster_assume_role_policy",
      "provider": "provider[\"registry.terraform.io/hashicorp/aws\"]",
      "instances": [
        {
          "schema_version": 0,
          "attributes": {
            "id": "2764486067",
            "json": "{\n  \"Version\": \"2012-10-17\",\n  \"Statement\": [\n    {\n      \"Sid\": \"EKSClusterAssumeRole\",\n      \"Effect\": \"Allow\",\n      \"Action\": \"sts:AssumeRole\",\n      \"Principal\": {\n        \"Service\": \"eks.amazonaws.com\"\n      }\n    }\n  ]\n}",
            "override_policy_documents": null,
            "policy_id": null,
            "source_policy_documents": null,
            "statement": [
              {
                "actions": [
                  "sts:AssumeRole"
                ],
                "condition": [],
                "effect": "Allow",
                "not_actions": [],
                "not_principals": [],
                "not_resources": [],
                "principals": [
                  {
                    "identifiers": [
                      "eks.amazonaws.com"
                    ],
                    "type": "Service"
                  }
                ],
                "resources": [],
                "sid": "EKSClusterAssumeRole"
              }
            ],
            "version": "2012-10-17"
          },
          "sensitive_attributes": []
        }
      ]
    },
    {
      "module": "module.eks",
      "mode": "data",
      "type": "aws_iam_policy_document",
      "name": "cluster_deny_log_group",
      "provider": "provider[\"registry.terraform.io/hashicorp/aws\"]",
      "instances": [
        {
          "index_key": 0,
          "schema_version": 0,
          "attributes": {
            "id": "2940822895",
            "json": "{\n  \"Version\": \"2012-10-17\",\n  \"Statement\": [\n    {\n      \"Effect\": \"Deny\",\n      \"Action\": \"logs:CreateLogGroup\",\n      \"Resource\": \"*\"\n    }\n  ]\n}",
            "override_policy_documents": null,
            "policy_id": null,
            "source_policy_documents": null,
            "statement": [
              {
                "actions": [
                  "logs:CreateLogGroup"
                ],
                "condition": [],
                "effect": "Deny",
                "not_actions": [],
                "not_principals": [],
                "not_resources": [],
                "principals": [],
                "resources": [
                  "*"
                ],
                "sid": ""
              }
            ],
            "version": "2012-10-17"
          },
          "sensitive_attributes": []
        }
      ]
    },
    {
      "module": "module.eks",
      "mode": "data",
      "type": "aws_iam_policy_document",
      "name": "cluster_elb_sl_role_creation",
      "provider": "provider[\"registry.terraform.io/hashicorp/aws\"]",
      "instances": [
        {
          "index_key": 0,
          "schema_version": 0,
          "attributes": {
            "id": "2829572932",
            "json": "{\n  \"Version\": \"2012-10-17\",\n  \"Statement\": [\n    {\n      \"Effect\": \"Allow\",\n      \"Action\": [\n        \"ec2:DescribeInternetGateways\",\n        \"ec2:DescribeAddresses\",\n        \"ec2:DescribeAccountAttributes\"\n      ],\n      \"Resource\": \"*\"\n    }\n  ]\n}",
            "override_policy_documents": null,
            "policy_id": null,
            "source_policy_documents": null,
            "statement": [
              {
                "actions": [
                  "ec2:DescribeAccountAttributes",
                  "ec2:DescribeAddresses",
                  "ec2:DescribeInternetGateways"
                ],
                "condition": [],
                "effect": "Allow",
                "not_actions": [],
                "not_principals": [],
                "not_resources": [],
                "principals": [],
                "resources": [
                  "*"
                ],
                "sid": ""
              }
            ],
            "version": "2012-10-17"
          },
          "sensitive_attributes": []
        }
      ]
    },
    {
      "module": "module.eks",
      "mode": "data",
      "type": "aws_iam_policy_document",
      "name": "workers_assume_role_policy",
      "provider": "provider[\"registry.terraform.io/hashicorp/aws\"]",
      "instances": [
        {
          "schema_version": 0,
          "attributes": {
            "id": "3778018924",
            "json": "{\n  \"Version\": \"2012-10-17\",\n  \"Statement\": [\n    {\n      \"Sid\": \"EKSWorkerAssumeRole\",\n      \"Effect\": \"Allow\",\n      \"Action\": \"sts:AssumeRole\",\n      \"Principal\": {\n        \"Service\": \"ec2.amazonaws.com\"\n      }\n    }\n  ]\n}",
            "override_policy_documents": null,
            "policy_id": null,
            "source_policy_documents": null,
            "statement": [
              {
                "actions": [
                  "sts:AssumeRole"
                ],
                "condition": [],
                "effect": "Allow",
                "not_actions": [],
                "not_principals": [],
                "not_resources": [],
                "principals": [
                  {
                    "identifiers": [
                      "ec2.amazonaws.com"
                    ],
                    "type": "Service"
                  }
                ],
                "resources": [],
                "sid": "EKSWorkerAssumeRole"
              }
            ],
            "version": "2012-10-17"
          },
          "sensitive_attributes": []
        }
      ]
    },
    {
      "module": "module.eks",
      "mode": "data",
      "type": "aws_partition",
      "name": "current",
      "provider": "provider[\"registry.terraform.io/hashicorp/aws\"]",
      "instances": [
        {
          "schema_version": 0,
          "attributes": {
            "dns_suffix": "amazonaws.com",
            "id": "aws",
            "partition": "aws",
            "reverse_dns_prefix": "com.amazonaws"
          },
          "sensitive_attributes": []
        }
      ]
    },
    {
      "module": "module.eks",
      "mode": "data",
      "type": "http",
      "name": "wait_for_cluster",
      "provider": "provider[\"registry.terraform.io/terraform-aws-modules/http\"]",
      "instances": [
        {
          "index_key": 0,
          "schema_version": 0,
          "attributes": {
            "body": "ok",
            "ca_certificate": "-----BEGIN CERTIFICATE-----\nMIIC/jCCAeagAwIBAgIBADANBgkqhkiG9w0BAQsFADAVMRMwEQYDVQQDEwprdWJl\ncm5ldGVzMB4XDTIzMDgwNDA4MzkxNVoXDTMzMDgwMTA4MzkxNVowFTETMBEGA1UE\nAxMKa3ViZXJuZXRlczCCASIwDQYJKoZIhvcNAQEBBQADggEPADCCAQoCggEBANoz\nVs/6G7/mtkmd4J0igRKcmkjnVFd66dtNoy9jixcvy56BHCPBWtNYl8aPq3Ak6KHW\n9HOaVhnh6CtrmMB+YgG6Ul4arWPddBHMJpbLWWdBkKBXUuEu1CzoljXLbRDEhpn6\n+yUdlEprhQ+ePTXYdYDkl3BmbUHZcWXT82s86hWDIuMlSIcmz2pSvUPVTk86nlPP\nUQIUMy2JfxvgAnnd6PTKWe17FVavxHupFVwkhLIsatx4DQDepnZxf//JbEUJ4KNr\nikmanxQTQ+vEUHF0DRUjWx+Pd068U7/78RoYLiehHa4woIzKXnH0ZexOYUL174lN\n2+ukD4xlKKYdxBMIemkCAwEAAaNZMFcwDgYDVR0PAQH/BAQDAgKkMA8GA1UdEwEB\n/wQFMAMBAf8wHQYDVR0OBBYEFJkI2fuEXWbDgcZFlYD3LMUchQDkMBUGA1UdEQQO\nMAyCCmt1YmVybmV0ZXMwDQYJKoZIhvcNAQELBQADggEBAAx5ET9TF9/AjkemjS+J\nyjmJRNyNmHrDNGFMc9clQQsxdGdy0Uh1rYkAW/ZZZ1sZPb7AdPtoo9B3Wkiqm6ik\nEe5jjMZdXj36p/hi0q/3EKf5DiUSpcs9rlPokEw4e8W42CpZRJgpdGpjG42XZXFk\nQHFdpPpd8w4Xy91oHAD4MDBVspwlSgLzYKSWSKdMuE7/iStOZhtXc+AbQ9pTR/D7\ns0t1aUL78ZQLwCkVc21Se2i2wJIJX7Vk+HEurgu4fzedVLc/E4W7DnrIuJkUZ1dz\nBg87RrY1OEyULZkKAHSwjSCLeygeS2FryTH+71XClf5LxkslErEolxMhHtZAzlx3\nKx8=\n-----END CERTIFICATE-----\n",
            "id": "https://ED5E88221DB75D129882B74851BB340B.gr7.ap-south-1.eks.amazonaws.com/healthz",
            "insecure": false,
            "request_headers": null,
            "response_headers": {
              "Audit-Id": "7e435001-3921-457f-967a-95994a8322fb",
              "Cache-Control": "no-cache, private",
              "Content-Length": "2",
              "Content-Type": "text/plain; charset=utf-8",
              "Date": "Fri, 04 Aug 2023 08:52:47 GMT",
              "X-Content-Type-Options": "nosniff",
              "X-Kubernetes-Pf-Flowschema-Uid": "a9e1ee7d-93d1-437b-935a-43f27fa8f5bf",
              "X-Kubernetes-Pf-Prioritylevel-Uid": "d8404116-7b66-49ac-a775-ae5e31c7bb09"
            },
            "timeout": 300,
            "url": "https://ED5E88221DB75D129882B74851BB340B.gr7.ap-south-1.eks.amazonaws.com/healthz"
          },
          "sensitive_attributes": []
        }
      ]
    },
    {
      "module": "module.eks",
      "mode": "managed",
      "type": "aws_autoscaling_group",
      "name": "workers",
      "provider": "provider[\"registry.terraform.io/hashicorp/aws\"]",
      "instances": [
        {
          "index_key": 0,
          "schema_version": 0,
          "attributes": {
            "arn": "arn:aws:autoscaling:ap-south-1:023860687624:autoScalingGroup:5a1a0850-cddb-4d27-8a12-52c578353c2f:autoScalingGroupName/punjab-prod-fsm-eks-spot2023080408412705700000000a",
            "availability_zones": [
              "ap-south-1b"
            ],
            "capacity_rebalance": false,
            "context": "",
            "default_cooldown": 300,
            "default_instance_warmup": 0,
            "desired_capacity": 3,
            "desired_capacity_type": "",
            "enabled_metrics": [],
            "force_delete": false,
            "force_delete_warm_pool": false,
            "health_check_grace_period": 300,
            "health_check_type": "EC2",
            "id": "punjab-prod-fsm-eks-spot2023080408412705700000000a",
            "initial_lifecycle_hook": [],
            "instance_refresh": [],
            "launch_configuration": "punjab-prod-fsm-eks-spot20230804084121424400000009",
            "launch_template": [],
            "load_balancers": [],
            "max_instance_lifetime": 0,
            "max_size": 3,
            "metrics_granularity": "1Minute",
            "min_elb_capacity": null,
            "min_size": 1,
            "mixed_instances_policy": [],
            "name": "punjab-prod-fsm-eks-spot2023080408412705700000000a",
            "name_prefix": "punjab-prod-fsm-eks-spot",
            "placement_group": "",
            "predicted_capacity": 0,
            "protect_from_scale_in": false,
            "service_linked_role_arn": "arn:aws:iam::023860687624:role/aws-service-role/autoscaling.amazonaws.com/AWSServiceRoleForAutoScaling",
            "suspended_processes": [
              "AZRebalance"
            ],
            "tag": [
              {
                "key": "KubernetesCluster",
                "propagate_at_launch": true,
                "value": "punjab-prod-fsm-eks"
              },
              {
                "key": "Name",
                "propagate_at_launch": true,
                "value": "punjab-prod-fsm-eks-spot-eks_asg"
              },
              {
                "key": "k8s.io/cluster/punjab-prod-fsm-eks",
                "propagate_at_launch": true,
                "value": "owned"
              },
              {
                "key": "kubernetes.io/cluster/punjab-prod-fsm-eks",
                "propagate_at_launch": true,
                "value": "owned"
              }
            ],
            "target_group_arns": [],
            "termination_policies": [],
            "timeouts": null,
            "traffic_source": [],
            "vpc_zone_identifier": [
              "subnet-059d4c258f5f830e7"
            ],
            "wait_for_capacity_timeout": "10m",
            "wait_for_elb_capacity": null,
            "warm_pool": [],
            "warm_pool_size": 0
          },
          "sensitive_attributes": [],
          "private": "eyJlMmJmYjczMC1lY2FhLTExZTYtOGY4OC0zNDM2M2JjN2M0YzAiOnsiZGVsZXRlIjo2MDAwMDAwMDAwMDAsInVwZGF0ZSI6NjAwMDAwMDAwMDAwfX0=",
          "dependencies": [
            "module.eks.aws_cloudwatch_log_group.this",
            "module.eks.aws_eks_cluster.this",
            "module.eks.aws_iam_instance_profile.workers",
            "module.eks.aws_iam_role.cluster",
            "module.eks.aws_iam_role.workers",
            "module.eks.aws_iam_role_policy_attachment.cluster_AmazonEKSClusterPolicy",
            "module.eks.aws_iam_role_policy_attachment.cluster_AmazonEKSServicePolicy",
            "module.eks.aws_iam_role_policy_attachment.cluster_AmazonEKSVPCResourceControllerPolicy",
            "module.eks.aws_iam_role_policy_attachment.workers_AmazonEC2ContainerRegistryReadOnly",
            "module.eks.aws_iam_role_policy_attachment.workers_AmazonEKSWorkerNodePolicy",
            "module.eks.aws_iam_role_policy_attachment.workers_AmazonEKS_CNI_Policy",
            "module.eks.aws_iam_role_policy_attachment.workers_additional_policies",
            "module.eks.aws_launch_configuration.workers",
            "module.eks.aws_security_group.cluster",
            "module.eks.aws_security_group.workers",
            "module.eks.aws_security_group_rule.cluster_egress_internet",
            "module.eks.aws_security_group_rule.cluster_https_worker_ingress",
            "module.eks.aws_security_group_rule.cluster_primary_ingress_workers",
            "module.eks.aws_security_group_rule.workers_egress_internet",
            "module.eks.aws_security_group_rule.workers_ingress_cluster",
            "module.eks.aws_security_group_rule.workers_ingress_cluster_https",
            "module.eks.aws_security_group_rule.workers_ingress_cluster_kubelet",
            "module.eks.aws_security_group_rule.workers_ingress_cluster_primary",
            "module.eks.aws_security_group_rule.workers_ingress_self",
            "module.eks.data.aws_ami.eks_worker",
            "module.eks.data.aws_ami.eks_worker_windows",
            "module.eks.data.aws_iam_instance_profile.custom_worker_group_iam_instance_profile",
            "module.eks.data.aws_iam_policy_document.cluster_assume_role_policy",
            "module.eks.data.aws_iam_policy_document.workers_assume_role_policy",
            "module.eks.data.aws_iam_role.custom_cluster_iam_role",
            "module.eks.data.aws_partition.current",
            "module.network.aws_subnet.private_subnet",
            "module.network.aws_subnet.public_subnet",
            "module.network.aws_vpc.vpc"
          ],
          "create_before_destroy": true
        }
      ]
    },
    {
      "module": "module.eks",
      "mode": "managed",
      "type": "aws_eks_cluster",
      "name": "this",
      "provider": "provider[\"registry.terraform.io/hashicorp/aws\"]",
      "instances": [
        {
          "index_key": 0,
          "schema_version": 0,
          "attributes": {
            "arn": "arn:aws:eks:ap-south-1:023860687624:cluster/punjab-prod-fsm-eks",
            "certificate_authority": [
              {
                "data": "LS0tLS1CRUdJTiBDRVJUSUZJQ0FURS0tLS0tCk1JSUMvakNDQWVhZ0F3SUJBZ0lCQURBTkJna3Foa2lHOXcwQkFRc0ZBREFWTVJNd0VRWURWUVFERXdwcmRXSmwKY201bGRHVnpNQjRYRFRJek1EZ3dOREE0TXpreE5Wb1hEVE16TURnd01UQTRNemt4TlZvd0ZURVRNQkVHQTFVRQpBeE1LYTNWaVpYSnVaWFJsY3pDQ0FTSXdEUVlKS29aSWh2Y05BUUVCQlFBRGdnRVBBRENDQVFvQ2dnRUJBTm96ClZzLzZHNy9tdGttZDRKMGlnUktjbWtqblZGZDY2ZHROb3k5aml4Y3Z5NTZCSENQQld0TllsOGFQcTNBazZLSFcKOUhPYVZobmg2Q3RybU1CK1lnRzZVbDRhcldQZGRCSE1KcGJMV1dkQmtLQlhVdUV1MUN6b2xqWExiUkRFaHBuNgoreVVkbEVwcmhRK2VQVFhZZFlEa2wzQm1iVUhaY1dYVDgyczg2aFdESXVNbFNJY216MnBTdlVQVlRrODZubFBQClVRSVVNeTJKZnh2Z0FubmQ2UFRLV2UxN0ZWYXZ4SHVwRlZ3a2hMSXNhdHg0RFFEZXBuWnhmLy9KYkVVSjRLTnIKaWttYW54UVRRK3ZFVUhGMERSVWpXeCtQZDA2OFU3Lzc4Um9ZTGllaEhhNHdvSXpLWG5IMFpleE9ZVUwxNzRsTgoyK3VrRDR4bEtLWWR4Qk1JZW1rQ0F3RUFBYU5aTUZjd0RnWURWUjBQQVFIL0JBUURBZ0trTUE4R0ExVWRFd0VCCi93UUZNQU1CQWY4d0hRWURWUjBPQkJZRUZKa0kyZnVFWFdiRGdjWkZsWUQzTE1VY2hRRGtNQlVHQTFVZEVRUU8KTUF5Q0NtdDFZbVZ5Ym1WMFpYTXdEUVlKS29aSWh2Y05BUUVMQlFBRGdnRUJBQXg1RVQ5VEY5L0Fqa2VtalMrSgp5am1KUk55Tm1IckROR0ZNYzljbFFRc3hkR2R5MFVoMXJZa0FXL1paWjFzWlBiN0FkUHRvbzlCM1draXFtNmlrCkVlNWpqTVpkWGozNnAvaGkwcS8zRUtmNURpVVNwY3M5cmxQb2tFdzRlOFc0MkNwWlJKZ3BkR3BqRzQyWFpYRmsKUUhGZHBQcGQ4dzRYeTkxb0hBRDRNREJWc3B3bFNnTHpZS1NXU0tkTXVFNy9pU3RPWmh0WGMrQWJROXBUUi9ENwpzMHQxYVVMNzhaUUx3Q2tWYzIxU2UyaTJ3SklKWDdWaytIRXVyZ3U0ZnplZFZMYy9FNFc3RG5ySXVKa1VaMWR6CkJnODdSclkxT0V5VUxaa0tBSFN3alNDTGV5Z2VTMkZyeVRIKzcxWENsZjVMeGtzbEVyRW9seE1oSHRaQXpseDMKS3g4PQotLS0tLUVORCBDRVJUSUZJQ0FURS0tLS0tCg=="
              }
            ],
            "cluster_id": null,
            "created_at": "2023-08-04 08:34:54.616 +0000 UTC",
            "enabled_cluster_log_types": [],
            "encryption_config": [],
            "endpoint": "https://ED5E88221DB75D129882B74851BB340B.gr7.ap-south-1.eks.amazonaws.com",
            "id": "punjab-prod-fsm-eks",
            "identity": [
              {
                "oidc": [
                  {
                    "issuer": "https://oidc.eks.ap-south-1.amazonaws.com/id/ED5E88221DB75D129882B74851BB340B"
                  }
                ]
              }
            ],
            "kubernetes_network_config": [
              {
                "ip_family": "ipv4",
                "service_ipv4_cidr": "10.100.0.0/16",
                "service_ipv6_cidr": ""
              }
            ],
            "name": "punjab-prod-fsm-eks",
            "outpost_config": [],
            "platform_version": "eks.15",
            "role_arn": "arn:aws:iam::023860687624:role/punjab-prod-fsm-eks20230803164147937900000007",
            "status": "ACTIVE",
            "tags": {
              "KubernetesCluster": "punjab-prod-fsm-eks",
              "kubernetes.io/cluster/punjab-prod-fsm-eks": "owned"
            },
            "tags_all": {
              "KubernetesCluster": "punjab-prod-fsm-eks",
              "kubernetes.io/cluster/punjab-prod-fsm-eks": "owned"
            },
            "timeouts": {
              "create": "30m",
              "delete": "15m",
              "update": "60m"
            },
            "version": "1.22",
            "vpc_config": [
              {
                "cluster_security_group_id": "sg-0e6ff3f6187db3afa",
                "endpoint_private_access": false,
                "endpoint_public_access": true,
                "public_access_cidrs": [
                  "0.0.0.0/0"
                ],
                "security_group_ids": [
                  "sg-0ca7cd24176cb9417"
                ],
                "subnet_ids": [
                  "subnet-05609e9d151f73e1b",
                  "subnet-059d4c258f5f830e7",
                  "subnet-070c5419e3946c898",
                  "subnet-0bace6652807f6578"
                ],
                "vpc_id": "vpc-094e5140bca95a452"
              }
            ]
          },
          "sensitive_attributes": [],
          "private": "eyJlMmJmYjczMC1lY2FhLTExZTYtOGY4OC0zNDM2M2JjN2M0YzAiOnsiY3JlYXRlIjoxODAwMDAwMDAwMDAwLCJkZWxldGUiOjkwMDAwMDAwMDAwMCwidXBkYXRlIjozNjAwMDAwMDAwMDAwfX0=",
          "dependencies": [
            "module.eks.aws_cloudwatch_log_group.this",
            "module.eks.aws_iam_role.cluster",
            "module.eks.aws_iam_role_policy_attachment.cluster_AmazonEKSClusterPolicy",
            "module.eks.aws_iam_role_policy_attachment.cluster_AmazonEKSServicePolicy",
            "module.eks.aws_iam_role_policy_attachment.cluster_AmazonEKSVPCResourceControllerPolicy",
            "module.eks.aws_security_group.cluster",
            "module.eks.aws_security_group.workers",
            "module.eks.aws_security_group_rule.cluster_egress_internet",
            "module.eks.aws_security_group_rule.cluster_https_worker_ingress",
            "module.eks.data.aws_iam_policy_document.cluster_assume_role_policy",
            "module.eks.data.aws_iam_role.custom_cluster_iam_role",
            "module.eks.data.aws_partition.current",
            "module.network.aws_subnet.private_subnet",
            "module.network.aws_subnet.public_subnet",
            "module.network.aws_vpc.vpc"
          ],
          "create_before_destroy": true
        }
      ]
    },
    {
      "module": "module.eks",
      "mode": "managed",
      "type": "aws_iam_instance_profile",
      "name": "workers",
      "provider": "provider[\"registry.terraform.io/hashicorp/aws\"]",
      "instances": [
        {
          "index_key": 0,
          "schema_version": 0,
          "attributes": {
            "arn": "arn:aws:iam::023860687624:instance-profile/punjab-prod-fsm-eks20230804084119183500000005",
            "create_date": "2023-08-04T08:41:20Z",
            "id": "punjab-prod-fsm-eks20230804084119183500000005",
            "name": "punjab-prod-fsm-eks20230804084119183500000005",
            "name_prefix": "punjab-prod-fsm-eks",
            "path": "/",
            "role": "punjab-prod-fsm-eks20230804084115976100000004",
            "tags": {
              "KubernetesCluster": "punjab-prod-fsm-eks",
              "kubernetes.io/cluster/punjab-prod-fsm-eks": "owned"
            },
            "tags_all": {
              "KubernetesCluster": "punjab-prod-fsm-eks",
              "kubernetes.io/cluster/punjab-prod-fsm-eks": "owned"
            },
            "unique_id": "AIPAQLDRVGMED7G4H73IW"
          },
          "sensitive_attributes": [],
          "private": "bnVsbA==",
          "dependencies": [
            "module.eks.aws_cloudwatch_log_group.this",
            "module.eks.aws_eks_cluster.this",
            "module.eks.aws_iam_role.cluster",
            "module.eks.aws_iam_role.workers",
            "module.eks.aws_iam_role_policy_attachment.cluster_AmazonEKSClusterPolicy",
            "module.eks.aws_iam_role_policy_attachment.cluster_AmazonEKSServicePolicy",
            "module.eks.aws_iam_role_policy_attachment.cluster_AmazonEKSVPCResourceControllerPolicy",
            "module.eks.aws_security_group.cluster",
            "module.eks.aws_security_group.workers",
            "module.eks.aws_security_group_rule.cluster_egress_internet",
            "module.eks.aws_security_group_rule.cluster_https_worker_ingress",
            "module.eks.data.aws_iam_policy_document.cluster_assume_role_policy",
            "module.eks.data.aws_iam_policy_document.workers_assume_role_policy",
            "module.eks.data.aws_iam_role.custom_cluster_iam_role",
            "module.eks.data.aws_partition.current",
            "module.network.aws_subnet.private_subnet",
            "module.network.aws_subnet.public_subnet",
            "module.network.aws_vpc.vpc"
          ],
          "create_before_destroy": true
        }
      ]
    },
    {
      "module": "module.eks",
      "mode": "managed",
      "type": "aws_iam_policy",
      "name": "cluster_deny_log_group",
      "provider": "provider[\"registry.terraform.io/hashicorp/aws\"]",
      "instances": [
        {
          "index_key": 0,
          "schema_version": 0,
          "attributes": {
            "arn": "arn:aws:iam::023860687624:policy/punjab-prod-fsm-eks-deny-log-group20230803164147947500000008",
            "description": "Deny CreateLogGroup",
            "id": "arn:aws:iam::023860687624:policy/punjab-prod-fsm-eks-deny-log-group20230803164147947500000008",
            "name": "punjab-prod-fsm-eks-deny-log-group20230803164147947500000008",
            "name_prefix": "punjab-prod-fsm-eks-deny-log-group",
            "path": "/",
            "policy": "{\"Statement\":[{\"Action\":\"logs:CreateLogGroup\",\"Effect\":\"Deny\",\"Resource\":\"*\"}],\"Version\":\"2012-10-17\"}",
            "policy_id": "ANPAQLDRVGMEDWHW2LJ3U",
            "tags": {
              "KubernetesCluster": "punjab-prod-fsm-eks",
              "kubernetes.io/cluster/punjab-prod-fsm-eks": "owned"
            },
            "tags_all": {
              "KubernetesCluster": "punjab-prod-fsm-eks",
              "kubernetes.io/cluster/punjab-prod-fsm-eks": "owned"
            }
          },
          "sensitive_attributes": [],
          "private": "bnVsbA==",
          "dependencies": [
            "module.eks.data.aws_iam_policy_document.cluster_deny_log_group"
          ]
        }
      ]
    },
    {
      "module": "module.eks",
      "mode": "managed",
      "type": "aws_iam_policy",
      "name": "cluster_elb_sl_role_creation",
      "provider": "provider[\"registry.terraform.io/hashicorp/aws\"]",
      "instances": [
        {
          "index_key": 0,
          "schema_version": 0,
          "attributes": {
            "arn": "arn:aws:iam::023860687624:policy/punjab-prod-fsm-eks-elb-sl-role-creation2023080316415287550000000c",
            "description": "Permissions for EKS to create AWSServiceRoleForElasticLoadBalancing service-linked role",
            "id": "arn:aws:iam::023860687624:policy/punjab-prod-fsm-eks-elb-sl-role-creation2023080316415287550000000c",
            "name": "punjab-prod-fsm-eks-elb-sl-role-creation2023080316415287550000000c",
            "name_prefix": "punjab-prod-fsm-eks-elb-sl-role-creation",
            "path": "/",
            "policy": "{\"Statement\":[{\"Action\":[\"ec2:DescribeInternetGateways\",\"ec2:DescribeAddresses\",\"ec2:DescribeAccountAttributes\"],\"Effect\":\"Allow\",\"Resource\":\"*\"}],\"Version\":\"2012-10-17\"}",
            "policy_id": "ANPAQLDRVGMEHOP4NRUJ2",
            "tags": {
              "KubernetesCluster": "punjab-prod-fsm-eks",
              "kubernetes.io/cluster/punjab-prod-fsm-eks": "owned"
            },
            "tags_all": {
              "KubernetesCluster": "punjab-prod-fsm-eks",
              "kubernetes.io/cluster/punjab-prod-fsm-eks": "owned"
            }
          },
          "sensitive_attributes": [],
          "private": "bnVsbA==",
          "dependencies": [
            "module.eks.data.aws_iam_policy_document.cluster_elb_sl_role_creation"
          ]
        }
      ]
    },
    {
      "module": "module.eks",
      "mode": "managed",
      "type": "aws_iam_role",
      "name": "cluster",
      "provider": "provider[\"registry.terraform.io/hashicorp/aws\"]",
      "instances": [
        {
          "index_key": 0,
          "schema_version": 0,
          "attributes": {
            "arn": "arn:aws:iam::023860687624:role/punjab-prod-fsm-eks20230803164147937900000007",
            "assume_role_policy": "{\"Statement\":[{\"Action\":\"sts:AssumeRole\",\"Effect\":\"Allow\",\"Principal\":{\"Service\":\"eks.amazonaws.com\"},\"Sid\":\"EKSClusterAssumeRole\"}],\"Version\":\"2012-10-17\"}",
            "create_date": "2023-08-03T16:41:48Z",
            "description": "",
            "force_detach_policies": true,
            "id": "punjab-prod-fsm-eks20230803164147937900000007",
            "inline_policy": [],
            "managed_policy_arns": [
              "arn:aws:iam::023860687624:policy/punjab-prod-fsm-eks-deny-log-group20230803164147947500000008",
              "arn:aws:iam::023860687624:policy/punjab-prod-fsm-eks-elb-sl-role-creation2023080316415287550000000c",
              "arn:aws:iam::aws:policy/AmazonEKSClusterPolicy",
              "arn:aws:iam::aws:policy/AmazonEKSServicePolicy",
              "arn:aws:iam::aws:policy/AmazonEKSVPCResourceController"
            ],
            "max_session_duration": 3600,
            "name": "punjab-prod-fsm-eks20230803164147937900000007",
            "name_prefix": "punjab-prod-fsm-eks",
            "path": "/",
            "permissions_boundary": null,
            "tags": {
              "KubernetesCluster": "punjab-prod-fsm-eks",
              "kubernetes.io/cluster/punjab-prod-fsm-eks": "owned"
            },
            "tags_all": {
              "KubernetesCluster": "punjab-prod-fsm-eks",
              "kubernetes.io/cluster/punjab-prod-fsm-eks": "owned"
            },
            "unique_id": "AROAQLDRVGMEPUJAGLZIP"
          },
          "sensitive_attributes": [],
          "private": "bnVsbA==",
          "dependencies": [
            "module.eks.data.aws_iam_policy_document.cluster_assume_role_policy"
          ],
          "create_before_destroy": true
        }
      ]
    },
    {
      "module": "module.eks",
      "mode": "managed",
      "type": "aws_iam_role",
      "name": "workers",
      "provider": "provider[\"registry.terraform.io/hashicorp/aws\"]",
      "instances": [
        {
          "index_key": 0,
          "schema_version": 0,
          "attributes": {
            "arn": "arn:aws:iam::023860687624:role/punjab-prod-fsm-eks20230804084115976100000004",
            "assume_role_policy": "{\"Statement\":[{\"Action\":\"sts:AssumeRole\",\"Effect\":\"Allow\",\"Principal\":{\"Service\":\"ec2.amazonaws.com\"},\"Sid\":\"EKSWorkerAssumeRole\"}],\"Version\":\"2012-10-17\"}",
            "create_date": "2023-08-04T08:41:17Z",
            "description": "",
            "force_detach_policies": true,
            "id": "punjab-prod-fsm-eks20230804084115976100000004",
            "inline_policy": [],
            "managed_policy_arns": [
              "arn:aws:iam::aws:policy/AmazonEC2ContainerRegistryReadOnly",
              "arn:aws:iam::aws:policy/AmazonEKSWorkerNodePolicy",
              "arn:aws:iam::aws:policy/AmazonEKS_CNI_Policy"
            ],
            "max_session_duration": 3600,
            "name": "punjab-prod-fsm-eks20230804084115976100000004",
            "name_prefix": "punjab-prod-fsm-eks",
            "path": "/",
            "permissions_boundary": null,
            "tags": {
              "KubernetesCluster": "punjab-prod-fsm-eks",
              "kubernetes.io/cluster/punjab-prod-fsm-eks": "owned"
            },
            "tags_all": {
              "KubernetesCluster": "punjab-prod-fsm-eks",
              "kubernetes.io/cluster/punjab-prod-fsm-eks": "owned"
            },
            "unique_id": "AROAQLDRVGMEN6CYMJMMJ"
          },
          "sensitive_attributes": [],
          "private": "bnVsbA==",
          "dependencies": [
            "module.eks.aws_cloudwatch_log_group.this",
            "module.eks.aws_eks_cluster.this",
            "module.eks.aws_iam_role.cluster",
            "module.eks.aws_iam_role_policy_attachment.cluster_AmazonEKSClusterPolicy",
            "module.eks.aws_iam_role_policy_attachment.cluster_AmazonEKSServicePolicy",
            "module.eks.aws_iam_role_policy_attachment.cluster_AmazonEKSVPCResourceControllerPolicy",
            "module.eks.aws_security_group.cluster",
            "module.eks.aws_security_group.workers",
            "module.eks.aws_security_group_rule.cluster_egress_internet",
            "module.eks.aws_security_group_rule.cluster_https_worker_ingress",
            "module.eks.data.aws_iam_policy_document.cluster_assume_role_policy",
            "module.eks.data.aws_iam_policy_document.workers_assume_role_policy",
            "module.eks.data.aws_iam_role.custom_cluster_iam_role",
            "module.eks.data.aws_partition.current",
            "module.network.aws_subnet.private_subnet",
            "module.network.aws_subnet.public_subnet",
            "module.network.aws_vpc.vpc"
          ],
          "create_before_destroy": true
        }
      ]
    },
    {
      "module": "module.eks",
      "mode": "managed",
      "type": "aws_iam_role_policy_attachment",
      "name": "cluster_AmazonEKSClusterPolicy",
      "provider": "provider[\"registry.terraform.io/hashicorp/aws\"]",
      "instances": [
        {
          "index_key": 0,
          "schema_version": 0,
          "attributes": {
            "id": "punjab-prod-fsm-eks20230803164147937900000007-20230803164159464700000011",
            "policy_arn": "arn:aws:iam::aws:policy/AmazonEKSClusterPolicy",
            "role": "punjab-prod-fsm-eks20230803164147937900000007"
          },
          "sensitive_attributes": [],
          "private": "bnVsbA==",
          "dependencies": [
            "module.eks.aws_iam_role.cluster",
            "module.eks.data.aws_iam_policy_document.cluster_assume_role_policy",
            "module.eks.data.aws_partition.current"
          ],
          "create_before_destroy": true
        }
      ]
    },
    {
      "module": "module.eks",
      "mode": "managed",
      "type": "aws_iam_role_policy_attachment",
      "name": "cluster_AmazonEKSServicePolicy",
      "provider": "provider[\"registry.terraform.io/hashicorp/aws\"]",
      "instances": [
        {
          "index_key": 0,
          "schema_version": 0,
          "attributes": {
            "id": "punjab-prod-fsm-eks20230803164147937900000007-20230803164159756000000013",
            "policy_arn": "arn:aws:iam::aws:policy/AmazonEKSServicePolicy",
            "role": "punjab-prod-fsm-eks20230803164147937900000007"
          },
          "sensitive_attributes": [],
          "private": "bnVsbA==",
          "dependencies": [
            "module.eks.aws_iam_role.cluster",
            "module.eks.data.aws_iam_policy_document.cluster_assume_role_policy",
            "module.eks.data.aws_partition.current"
          ],
          "create_before_destroy": true
        }
      ]
    },
    {
      "module": "module.eks",
      "mode": "managed",
      "type": "aws_iam_role_policy_attachment",
      "name": "cluster_AmazonEKSVPCResourceControllerPolicy",
      "provider": "provider[\"registry.terraform.io/hashicorp/aws\"]",
      "instances": [
        {
          "index_key": 0,
          "schema_version": 0,
          "attributes": {
            "id": "punjab-prod-fsm-eks20230803164147937900000007-20230803164159748000000012",
            "policy_arn": "arn:aws:iam::aws:policy/AmazonEKSVPCResourceController",
            "role": "punjab-prod-fsm-eks20230803164147937900000007"
          },
          "sensitive_attributes": [],
          "private": "bnVsbA==",
          "dependencies": [
            "module.eks.aws_iam_role.cluster",
            "module.eks.data.aws_iam_policy_document.cluster_assume_role_policy",
            "module.eks.data.aws_partition.current"
          ],
          "create_before_destroy": true
        }
      ]
    },
    {
      "module": "module.eks",
      "mode": "managed",
      "type": "aws_iam_role_policy_attachment",
      "name": "cluster_deny_log_group",
      "provider": "provider[\"registry.terraform.io/hashicorp/aws\"]",
      "instances": [
        {
          "index_key": 0,
          "schema_version": 0,
          "attributes": {
            "id": "punjab-prod-fsm-eks20230803164147937900000007-20230803164200055700000014",
            "policy_arn": "arn:aws:iam::023860687624:policy/punjab-prod-fsm-eks-deny-log-group20230803164147947500000008",
            "role": "punjab-prod-fsm-eks20230803164147937900000007"
          },
          "sensitive_attributes": [],
          "private": "bnVsbA==",
          "dependencies": [
            "module.eks.aws_iam_policy.cluster_deny_log_group",
            "module.eks.aws_iam_role.cluster",
            "module.eks.data.aws_iam_policy_document.cluster_assume_role_policy",
            "module.eks.data.aws_iam_policy_document.cluster_deny_log_group"
          ]
        }
      ]
    },
    {
      "module": "module.eks",
      "mode": "managed",
      "type": "aws_iam_role_policy_attachment",
      "name": "cluster_elb_sl_role_creation",
      "provider": "provider[\"registry.terraform.io/hashicorp/aws\"]",
      "instances": [
        {
          "index_key": 0,
          "schema_version": 0,
          "attributes": {
            "id": "punjab-prod-fsm-eks20230803164147937900000007-20230803164159463400000010",
            "policy_arn": "arn:aws:iam::023860687624:policy/punjab-prod-fsm-eks-elb-sl-role-creation2023080316415287550000000c",
            "role": "punjab-prod-fsm-eks20230803164147937900000007"
          },
          "sensitive_attributes": [],
          "private": "bnVsbA==",
          "dependencies": [
            "module.eks.aws_iam_policy.cluster_elb_sl_role_creation",
            "module.eks.aws_iam_role.cluster",
            "module.eks.data.aws_iam_policy_document.cluster_assume_role_policy",
            "module.eks.data.aws_iam_policy_document.cluster_elb_sl_role_creation"
          ]
        }
      ]
    },
    {
      "module": "module.eks",
      "mode": "managed",
      "type": "aws_iam_role_policy_attachment",
      "name": "workers_AmazonEC2ContainerRegistryReadOnly",
      "provider": "provider[\"registry.terraform.io/hashicorp/aws\"]",
      "instances": [
        {
          "index_key": 0,
          "schema_version": 0,
          "attributes": {
            "id": "punjab-prod-fsm-eks20230804084115976100000004-20230804084120063000000008",
            "policy_arn": "arn:aws:iam::aws:policy/AmazonEC2ContainerRegistryReadOnly",
            "role": "punjab-prod-fsm-eks20230804084115976100000004"
          },
          "sensitive_attributes": [],
          "private": "bnVsbA==",
          "dependencies": [
            "module.eks.aws_cloudwatch_log_group.this",
            "module.eks.aws_eks_cluster.this",
            "module.eks.aws_iam_role.cluster",
            "module.eks.aws_iam_role.workers",
            "module.eks.aws_iam_role_policy_attachment.cluster_AmazonEKSClusterPolicy",
            "module.eks.aws_iam_role_policy_attachment.cluster_AmazonEKSServicePolicy",
            "module.eks.aws_iam_role_policy_attachment.cluster_AmazonEKSVPCResourceControllerPolicy",
            "module.eks.aws_security_group.cluster",
            "module.eks.aws_security_group.workers",
            "module.eks.aws_security_group_rule.cluster_egress_internet",
            "module.eks.aws_security_group_rule.cluster_https_worker_ingress",
            "module.eks.data.aws_iam_policy_document.cluster_assume_role_policy",
            "module.eks.data.aws_iam_policy_document.workers_assume_role_policy",
            "module.eks.data.aws_iam_role.custom_cluster_iam_role",
            "module.eks.data.aws_partition.current",
            "module.network.aws_subnet.private_subnet",
            "module.network.aws_subnet.public_subnet",
            "module.network.aws_vpc.vpc"
          ],
          "create_before_destroy": true
        }
      ]
    },
    {
      "module": "module.eks",
      "mode": "managed",
      "type": "aws_iam_role_policy_attachment",
      "name": "workers_AmazonEKSWorkerNodePolicy",
      "provider": "provider[\"registry.terraform.io/hashicorp/aws\"]",
      "instances": [
        {
          "index_key": 0,
          "schema_version": 0,
          "attributes": {
            "id": "punjab-prod-fsm-eks20230804084115976100000004-20230804084119473400000006",
            "policy_arn": "arn:aws:iam::aws:policy/AmazonEKSWorkerNodePolicy",
            "role": "punjab-prod-fsm-eks20230804084115976100000004"
          },
          "sensitive_attributes": [],
          "private": "bnVsbA==",
          "dependencies": [
            "module.eks.aws_cloudwatch_log_group.this",
            "module.eks.aws_eks_cluster.this",
            "module.eks.aws_iam_role.cluster",
            "module.eks.aws_iam_role.workers",
            "module.eks.aws_iam_role_policy_attachment.cluster_AmazonEKSClusterPolicy",
            "module.eks.aws_iam_role_policy_attachment.cluster_AmazonEKSServicePolicy",
            "module.eks.aws_iam_role_policy_attachment.cluster_AmazonEKSVPCResourceControllerPolicy",
            "module.eks.aws_security_group.cluster",
            "module.eks.aws_security_group.workers",
            "module.eks.aws_security_group_rule.cluster_egress_internet",
            "module.eks.aws_security_group_rule.cluster_https_worker_ingress",
            "module.eks.data.aws_iam_policy_document.cluster_assume_role_policy",
            "module.eks.data.aws_iam_policy_document.workers_assume_role_policy",
            "module.eks.data.aws_iam_role.custom_cluster_iam_role",
            "module.eks.data.aws_partition.current",
            "module.network.aws_subnet.private_subnet",
            "module.network.aws_subnet.public_subnet",
            "module.network.aws_vpc.vpc"
          ],
          "create_before_destroy": true
        }
      ]
    },
    {
      "module": "module.eks",
      "mode": "managed",
      "type": "aws_iam_role_policy_attachment",
      "name": "workers_AmazonEKS_CNI_Policy",
      "provider": "provider[\"registry.terraform.io/hashicorp/aws\"]",
      "instances": [
        {
          "index_key": 0,
          "schema_version": 0,
          "attributes": {
            "id": "punjab-prod-fsm-eks20230804084115976100000004-20230804084119765300000007",
            "policy_arn": "arn:aws:iam::aws:policy/AmazonEKS_CNI_Policy",
            "role": "punjab-prod-fsm-eks20230804084115976100000004"
          },
          "sensitive_attributes": [],
          "private": "bnVsbA==",
          "dependencies": [
            "module.eks.aws_cloudwatch_log_group.this",
            "module.eks.aws_eks_cluster.this",
            "module.eks.aws_iam_role.cluster",
            "module.eks.aws_iam_role.workers",
            "module.eks.aws_iam_role_policy_attachment.cluster_AmazonEKSClusterPolicy",
            "module.eks.aws_iam_role_policy_attachment.cluster_AmazonEKSServicePolicy",
            "module.eks.aws_iam_role_policy_attachment.cluster_AmazonEKSVPCResourceControllerPolicy",
            "module.eks.aws_security_group.cluster",
            "module.eks.aws_security_group.workers",
            "module.eks.aws_security_group_rule.cluster_egress_internet",
            "module.eks.aws_security_group_rule.cluster_https_worker_ingress",
            "module.eks.data.aws_iam_policy_document.cluster_assume_role_policy",
            "module.eks.data.aws_iam_policy_document.workers_assume_role_policy",
            "module.eks.data.aws_iam_role.custom_cluster_iam_role",
            "module.eks.data.aws_partition.current",
            "module.network.aws_subnet.private_subnet",
            "module.network.aws_subnet.public_subnet",
            "module.network.aws_vpc.vpc"
          ],
          "create_before_destroy": true
        }
      ]
    },
    {
      "module": "module.eks",
      "mode": "managed",
      "type": "aws_launch_configuration",
      "name": "workers",
      "provider": "provider[\"registry.terraform.io/hashicorp/aws\"]",
      "instances": [
        {
          "index_key": 0,
          "schema_version": 0,
          "attributes": {
            "arn": "arn:aws:autoscaling:ap-south-1:023860687624:launchConfiguration:b39bc587-b2ca-4085-9bef-076d8ec2f075:launchConfigurationName/punjab-prod-fsm-eks-spot20230804084121424400000009",
            "associate_public_ip_address": false,
            "ebs_block_device": [],
            "ebs_optimized": true,
            "enable_monitoring": true,
            "ephemeral_block_device": [],
            "iam_instance_profile": "punjab-prod-fsm-eks20230804084119183500000005",
            "id": "punjab-prod-fsm-eks-spot20230804084121424400000009",
            "image_id": "ami-06ef51151943063fd",
            "instance_type": "r5ad.large",
            "key_name": "",
            "metadata_options": [
              {
                "http_endpoint": "enabled",
                "http_put_response_hop_limit": 1,
                "http_tokens": "optional"
              }
            ],
            "name": "punjab-prod-fsm-eks-spot20230804084121424400000009",
            "name_prefix": "punjab-prod-fsm-eks-spot",
            "placement_tenancy": "",
            "root_block_device": [
              {
                "delete_on_termination": true,
                "encrypted": false,
                "iops": 0,
                "throughput": 0,
                "volume_size": 100,
                "volume_type": "gp2"
              }
            ],
            "security_groups": [
              "sg-0e2132f87e4bc3b3c"
            ],
            "spot_price": "",
            "user_data": null,
            "user_data_base64": "IyEvYmluL2Jhc2ggLWUKCiMgQWxsb3cgdXNlciBzdXBwbGllZCBwcmUgdXNlcmRhdGEgY29kZQoKCiMgQm9vdHN0cmFwIGFuZCBqb2luIHRoZSBjbHVzdGVyCi9ldGMvZWtzL2Jvb3RzdHJhcC5zaCAtLWI2NC1jbHVzdGVyLWNhICdMUzB0TFMxQ1JVZEpUaUJEUlZKVVNVWkpRMEZVUlMwdExTMHRDazFKU1VNdmFrTkRRV1ZoWjBGM1NVSkJaMGxDUVVSQlRrSm5hM0ZvYTJsSE9YY3dRa0ZSYzBaQlJFRldUVkpOZDBWUldVUldVVkZFUlhkd2NtUlhTbXdLWTIwMWJHUkhWbnBOUWpSWVJGUkplazFFWjNkT1JFRTBUWHByZUU1V2IxaEVWRTE2VFVSbmQwMVVRVFJOZW10NFRsWnZkMFpVUlZSTlFrVkhRVEZWUlFwQmVFMUxZVE5XYVZwWVNuVmFXRkpzWTNwRFEwRlRTWGRFVVZsS1MyOWFTV2gyWTA1QlVVVkNRbEZCUkdkblJWQkJSRU5EUVZGdlEyZG5SVUpCVG05NkNsWnpMelpITnk5dGRHdHRaRFJLTUdsblVrdGpiV3RxYmxaR1pEWTJaSFJPYjNrNWFtbDRZM1o1TlRaQ1NFTlFRbGQwVGxsc09HRlFjVE5CYXpaTFNGY0tPVWhQWVZab2JtZzJRM1J5YlUxQ0sxbG5SelpWYkRSaGNsZFFaR1JDU0UxS2NHSk1WMWRrUW10TFFsaFZkVVYxTVVONmIyeHFXRXhpVWtSRmFIQnVOZ29yZVZWa2JFVndjbWhSSzJWUVZGaFpaRmxFYTJ3elFtMWlWVWhhWTFkWVZEZ3ljemcyYUZkRVNYVk5iRk5KWTIxNk1uQlRkbFZRVmxSck9EWnViRkJRQ2xWUlNWVk5lVEpLWm5oMlowRnVibVEyVUZSTFYyVXhOMFpXWVhaNFNIVndSbFozYTJoTVNYTmhkSGcwUkZGRVpYQnVXbmhtTHk5S1lrVlZTalJMVG5JS2FXdHRZVzU0VVZSUkszWkZWVWhHTUVSU1ZXcFhlQ3RRWkRBMk9GVTNMemM0VW05WlRHbGxhRWhoTkhkdlNYcExXRzVJTUZwbGVFOVpWVXd4TnpSc1Rnb3lLM1ZyUkRSNGJFdExXV1I0UWsxSlpXMXJRMEYzUlVGQllVNWFUVVpqZDBSbldVUldVakJRUVZGSUwwSkJVVVJCWjB0clRVRTRSMEV4VldSRmQwVkNDaTkzVVVaTlFVMUNRV1k0ZDBoUldVUldVakJQUWtKWlJVWkthMGt5Wm5WRldGZGlSR2RqV2tac1dVUXpURTFWWTJoUlJHdE5RbFZIUVRGVlpFVlJVVThLVFVGNVEwTnRkREZaYlZaNVltMVdNRnBZVFhkRVVWbEtTMjlhU1doMlkwNUJVVVZNUWxGQlJHZG5SVUpCUVhnMVJWUTVWRVk1TDBGcWEyVnRhbE1yU2dwNWFtMUtVazU1VG0xSWNrUk9SMFpOWXpsamJGRlJjM2hrUjJSNU1GVm9NWEpaYTBGWEwxcGFXakZ6V2xCaU4wRmtVSFJ2YnpsQ00xZHJhWEZ0Tm1sckNrVmxOV3BxVFZwa1dHb3pObkF2YUdrd2NTOHpSVXRtTlVScFZWTndZM001Y214UWIydEZkelJsT0ZjME1rTndXbEpLWjNCa1IzQnFSelF5V0ZwWVJtc0tVVWhHWkhCUWNHUTRkelJZZVRreGIwaEJSRFJOUkVKV2MzQjNiRk5uVEhwWlMxTlhVMHRrVFhWRk55OXBVM1JQV21oMFdHTXJRV0pST1hCVVVpOUVOd3B6TUhReFlWVk1OemhhVVV4M1EydFdZekl4VTJVeWFUSjNTa2xLV0RkV2F5dElSWFZ5WjNVMFpucGxaRlpNWXk5Rk5GYzNSRzV5U1hWS2ExVmFNV1I2Q2tKbk9EZFNjbGt4VDBWNVZVeGFhMHRCU0ZOM2FsTkRUR1Y1WjJWVE1rWnllVlJJS3pjeFdFTnNaalZNZUd0emJFVnlSVzlzZUUxb1NIUmFRWHBzZURNS1MzZzRQUW90TFMwdExVVk9SQ0JEUlZKVVNVWkpRMEZVUlMwdExTMHRDZz09JyAtLWFwaXNlcnZlci1lbmRwb2ludCAnaHR0cHM6Ly9FRDVFODgyMjFEQjc1RDEyOTg4MkI3NDg1MUJCMzQwQi5ncjcuYXAtc291dGgtMS5la3MuYW1hem9uYXdzLmNvbScgIC0ta3ViZWxldC1leHRyYS1hcmdzICItLW5vZGUtbGFiZWxzPW5vZGUua3ViZXJuZXRlcy5pby9saWZlY3ljbGU9c3BvdCIgJ3B1bmphYi1wcm9kLWZzbS1la3MnCgojIEFsbG93IHVzZXIgc3VwcGxpZWQgdXNlcmRhdGEgY29kZQoK"
          },
          "sensitive_attributes": [],
          "private": "bnVsbA==",
          "dependencies": [
            "module.eks.aws_cloudwatch_log_group.this",
            "module.eks.aws_eks_cluster.this",
            "module.eks.aws_iam_instance_profile.workers",
            "module.eks.aws_iam_role.cluster",
            "module.eks.aws_iam_role.workers",
            "module.eks.aws_iam_role_policy_attachment.cluster_AmazonEKSClusterPolicy",
            "module.eks.aws_iam_role_policy_attachment.cluster_AmazonEKSServicePolicy",
            "module.eks.aws_iam_role_policy_attachment.cluster_AmazonEKSVPCResourceControllerPolicy",
            "module.eks.aws_iam_role_policy_attachment.workers_AmazonEC2ContainerRegistryReadOnly",
            "module.eks.aws_iam_role_policy_attachment.workers_AmazonEKSWorkerNodePolicy",
            "module.eks.aws_iam_role_policy_attachment.workers_AmazonEKS_CNI_Policy",
            "module.eks.aws_iam_role_policy_attachment.workers_additional_policies",
            "module.eks.aws_security_group.cluster",
            "module.eks.aws_security_group.workers",
            "module.eks.aws_security_group_rule.cluster_egress_internet",
            "module.eks.aws_security_group_rule.cluster_https_worker_ingress",
            "module.eks.aws_security_group_rule.cluster_primary_ingress_workers",
            "module.eks.aws_security_group_rule.workers_egress_internet",
            "module.eks.aws_security_group_rule.workers_ingress_cluster",
            "module.eks.aws_security_group_rule.workers_ingress_cluster_https",
            "module.eks.aws_security_group_rule.workers_ingress_cluster_kubelet",
            "module.eks.aws_security_group_rule.workers_ingress_cluster_primary",
            "module.eks.aws_security_group_rule.workers_ingress_self",
            "module.eks.data.aws_ami.eks_worker",
            "module.eks.data.aws_ami.eks_worker_windows",
            "module.eks.data.aws_iam_instance_profile.custom_worker_group_iam_instance_profile",
            "module.eks.data.aws_iam_policy_document.cluster_assume_role_policy",
            "module.eks.data.aws_iam_policy_document.workers_assume_role_policy",
            "module.eks.data.aws_iam_role.custom_cluster_iam_role",
            "module.eks.data.aws_partition.current",
            "module.network.aws_subnet.private_subnet",
            "module.network.aws_subnet.public_subnet",
            "module.network.aws_vpc.vpc"
          ],
          "create_before_destroy": true
        }
      ]
    },
    {
      "module": "module.eks",
      "mode": "managed",
      "type": "aws_security_group",
      "name": "cluster",
      "provider": "provider[\"registry.terraform.io/hashicorp/aws\"]",
      "instances": [
        {
          "index_key": 0,
          "schema_version": 1,
          "attributes": {
            "arn": "arn:aws:ec2:ap-south-1:023860687624:security-group/sg-0ca7cd24176cb9417",
            "description": "EKS cluster security group.",
            "egress": [
              {
                "cidr_blocks": [
                  "0.0.0.0/0"
                ],
                "description": "Allow cluster egress access to the Internet.",
                "from_port": 0,
                "ipv6_cidr_blocks": [],
                "prefix_list_ids": [],
                "protocol": "-1",
                "security_groups": [],
                "self": false,
                "to_port": 0
              }
            ],
            "id": "sg-0ca7cd24176cb9417",
            "ingress": [
              {
                "cidr_blocks": [],
                "description": "Allow pods to communicate with the EKS cluster API.",
                "from_port": 443,
                "ipv6_cidr_blocks": [],
                "prefix_list_ids": [],
                "protocol": "tcp",
                "security_groups": [
                  "sg-0e2132f87e4bc3b3c"
                ],
                "self": false,
                "to_port": 443
              }
            ],
            "name": "punjab-prod-fsm-eks20230804083442130800000001",
            "name_prefix": "punjab-prod-fsm-eks",
            "owner_id": "023860687624",
            "revoke_rules_on_delete": false,
            "tags": {
              "KubernetesCluster": "punjab-prod-fsm-eks",
              "Name": "punjab-prod-fsm-eks-eks_cluster_sg",
              "kubernetes.io/cluster/punjab-prod-fsm-eks": "owned"
            },
            "tags_all": {
              "KubernetesCluster": "punjab-prod-fsm-eks",
              "Name": "punjab-prod-fsm-eks-eks_cluster_sg",
              "kubernetes.io/cluster/punjab-prod-fsm-eks": "owned"
            },
            "timeouts": null,
            "vpc_id": "vpc-094e5140bca95a452"
          },
          "sensitive_attributes": [],
          "private": "eyJlMmJmYjczMC1lY2FhLTExZTYtOGY4OC0zNDM2M2JjN2M0YzAiOnsiY3JlYXRlIjo2MDAwMDAwMDAwMDAsImRlbGV0ZSI6OTAwMDAwMDAwMDAwfSwic2NoZW1hX3ZlcnNpb24iOiIxIn0=",
          "dependencies": [
            "module.network.aws_vpc.vpc"
          ],
          "create_before_destroy": true
        }
      ]
    },
    {
      "module": "module.eks",
      "mode": "managed",
      "type": "aws_security_group",
      "name": "workers",
      "provider": "provider[\"registry.terraform.io/hashicorp/aws\"]",
      "instances": [
        {
          "index_key": 0,
          "schema_version": 1,
          "attributes": {
            "arn": "arn:aws:ec2:ap-south-1:023860687624:security-group/sg-0e2132f87e4bc3b3c",
            "description": "Security group for all nodes in the cluster.",
            "egress": [
              {
                "cidr_blocks": [
                  "0.0.0.0/0"
                ],
                "description": "Allow nodes all egress to the Internet.",
                "from_port": 0,
                "ipv6_cidr_blocks": [],
                "prefix_list_ids": [],
                "protocol": "-1",
                "security_groups": [],
                "self": false,
                "to_port": 0
              }
            ],
            "id": "sg-0e2132f87e4bc3b3c",
            "ingress": [
              {
                "cidr_blocks": [],
                "description": "Allow node to communicate with each other.",
                "from_port": 0,
                "ipv6_cidr_blocks": [],
                "prefix_list_ids": [],
                "protocol": "-1",
                "security_groups": [],
                "self": true,
                "to_port": 0
              },
              {
                "cidr_blocks": [],
                "description": "Allow pods running extension API servers on port 443 to receive communication from cluster control plane.",
                "from_port": 443,
                "ipv6_cidr_blocks": [],
                "prefix_list_ids": [],
                "protocol": "tcp",
                "security_groups": [
                  "sg-0ca7cd24176cb9417"
                ],
                "self": false,
                "to_port": 443
              },
              {
                "cidr_blocks": [],
                "description": "Allow workers pods to receive communication from the cluster control plane.",
                "from_port": 1025,
                "ipv6_cidr_blocks": [],
                "prefix_list_ids": [],
                "protocol": "tcp",
                "security_groups": [
                  "sg-0ca7cd24176cb9417"
                ],
                "self": false,
                "to_port": 65535
              }
            ],
            "name": "punjab-prod-fsm-eks20230804083442132600000002",
            "name_prefix": "punjab-prod-fsm-eks",
            "owner_id": "023860687624",
            "revoke_rules_on_delete": false,
            "tags": {
              "KubernetesCluster": "punjab-prod-fsm-eks",
              "Name": "punjab-prod-fsm-eks-eks_worker_sg",
              "kubernetes.io/cluster/punjab-prod-fsm-eks": "owned"
            },
            "tags_all": {
              "KubernetesCluster": "punjab-prod-fsm-eks",
              "Name": "punjab-prod-fsm-eks-eks_worker_sg",
              "kubernetes.io/cluster/punjab-prod-fsm-eks": "owned"
            },
            "timeouts": null,
            "vpc_id": "vpc-094e5140bca95a452"
          },
          "sensitive_attributes": [],
          "private": "eyJlMmJmYjczMC1lY2FhLTExZTYtOGY4OC0zNDM2M2JjN2M0YzAiOnsiY3JlYXRlIjo2MDAwMDAwMDAwMDAsImRlbGV0ZSI6OTAwMDAwMDAwMDAwfSwic2NoZW1hX3ZlcnNpb24iOiIxIn0=",
          "dependencies": [
            "module.network.aws_vpc.vpc"
          ],
          "create_before_destroy": true
        }
      ]
    },
    {
      "module": "module.eks",
      "mode": "managed",
      "type": "aws_security_group_rule",
      "name": "cluster_egress_internet",
      "provider": "provider[\"registry.terraform.io/hashicorp/aws\"]",
      "instances": [
        {
          "index_key": 0,
          "schema_version": 2,
          "attributes": {
            "cidr_blocks": [
              "0.0.0.0/0"
            ],
            "description": "Allow cluster egress access to the Internet.",
            "from_port": 0,
            "id": "sgrule-2896120512",
            "ipv6_cidr_blocks": null,
            "prefix_list_ids": null,
            "protocol": "-1",
            "security_group_id": "sg-0ca7cd24176cb9417",
            "security_group_rule_id": "sgr-0a7a17727a45b70a9",
            "self": false,
            "source_security_group_id": null,
            "timeouts": null,
            "to_port": 0,
            "type": "egress"
          },
          "sensitive_attributes": [],
          "private": "eyJlMmJmYjczMC1lY2FhLTExZTYtOGY4OC0zNDM2M2JjN2M0YzAiOnsiY3JlYXRlIjozMDAwMDAwMDAwMDB9LCJzY2hlbWFfdmVyc2lvbiI6IjIifQ==",
          "dependencies": [
            "module.eks.aws_security_group.cluster",
            "module.network.aws_vpc.vpc"
          ],
          "create_before_destroy": true
        }
      ]
    },
    {
      "module": "module.eks",
      "mode": "managed",
      "type": "aws_security_group_rule",
      "name": "cluster_https_worker_ingress",
      "provider": "provider[\"registry.terraform.io/hashicorp/aws\"]",
      "instances": [
        {
          "index_key": 0,
          "schema_version": 2,
          "attributes": {
            "cidr_blocks": null,
            "description": "Allow pods to communicate with the EKS cluster API.",
            "from_port": 443,
            "id": "sgrule-3196275432",
            "ipv6_cidr_blocks": null,
            "prefix_list_ids": null,
            "protocol": "tcp",
            "security_group_id": "sg-0ca7cd24176cb9417",
            "security_group_rule_id": "sgr-081c8d7e734665a84",
            "self": false,
            "source_security_group_id": "sg-0e2132f87e4bc3b3c",
            "timeouts": null,
            "to_port": 443,
            "type": "ingress"
          },
          "sensitive_attributes": [],
          "private": "eyJlMmJmYjczMC1lY2FhLTExZTYtOGY4OC0zNDM2M2JjN2M0YzAiOnsiY3JlYXRlIjozMDAwMDAwMDAwMDB9LCJzY2hlbWFfdmVyc2lvbiI6IjIifQ==",
          "dependencies": [
            "module.eks.aws_security_group.cluster",
            "module.eks.aws_security_group.workers",
            "module.network.aws_vpc.vpc"
          ],
          "create_before_destroy": true
        }
      ]
    },
    {
      "module": "module.eks",
      "mode": "managed",
      "type": "aws_security_group_rule",
      "name": "workers_egress_internet",
      "provider": "provider[\"registry.terraform.io/hashicorp/aws\"]",
      "instances": [
        {
          "index_key": 0,
          "schema_version": 2,
          "attributes": {
            "cidr_blocks": [
              "0.0.0.0/0"
            ],
            "description": "Allow nodes all egress to the Internet.",
            "from_port": 0,
            "id": "sgrule-2285478766",
            "ipv6_cidr_blocks": null,
            "prefix_list_ids": null,
            "protocol": "-1",
            "security_group_id": "sg-0e2132f87e4bc3b3c",
            "security_group_rule_id": "sgr-0b3bb55eb2eba5251",
            "self": false,
            "source_security_group_id": null,
            "timeouts": null,
            "to_port": 0,
            "type": "egress"
          },
          "sensitive_attributes": [],
          "private": "eyJlMmJmYjczMC1lY2FhLTExZTYtOGY4OC0zNDM2M2JjN2M0YzAiOnsiY3JlYXRlIjozMDAwMDAwMDAwMDB9LCJzY2hlbWFfdmVyc2lvbiI6IjIifQ==",
          "dependencies": [
            "module.eks.aws_security_group.workers",
            "module.network.aws_vpc.vpc"
          ],
          "create_before_destroy": true
        }
      ]
    },
    {
      "module": "module.eks",
      "mode": "managed",
      "type": "aws_security_group_rule",
      "name": "workers_ingress_cluster",
      "provider": "provider[\"registry.terraform.io/hashicorp/aws\"]",
      "instances": [
        {
          "index_key": 0,
          "schema_version": 2,
          "attributes": {
            "cidr_blocks": null,
            "description": "Allow workers pods to receive communication from the cluster control plane.",
            "from_port": 1025,
            "id": "sgrule-1307158282",
            "ipv6_cidr_blocks": null,
            "prefix_list_ids": null,
            "protocol": "tcp",
            "security_group_id": "sg-0e2132f87e4bc3b3c",
            "security_group_rule_id": "sgr-0308abf4c00e9c01b",
            "self": false,
            "source_security_group_id": "sg-0ca7cd24176cb9417",
            "timeouts": null,
            "to_port": 65535,
            "type": "ingress"
          },
          "sensitive_attributes": [],
          "private": "eyJlMmJmYjczMC1lY2FhLTExZTYtOGY4OC0zNDM2M2JjN2M0YzAiOnsiY3JlYXRlIjozMDAwMDAwMDAwMDB9LCJzY2hlbWFfdmVyc2lvbiI6IjIifQ==",
          "dependencies": [
            "module.eks.aws_security_group.cluster",
            "module.eks.aws_security_group.workers",
            "module.network.aws_vpc.vpc"
          ],
          "create_before_destroy": true
        }
      ]
    },
    {
      "module": "module.eks",
      "mode": "managed",
      "type": "aws_security_group_rule",
      "name": "workers_ingress_cluster_https",
      "provider": "provider[\"registry.terraform.io/hashicorp/aws\"]",
      "instances": [
        {
          "index_key": 0,
          "schema_version": 2,
          "attributes": {
            "cidr_blocks": null,
            "description": "Allow pods running extension API servers on port 443 to receive communication from cluster control plane.",
            "from_port": 443,
            "id": "sgrule-2083619425",
            "ipv6_cidr_blocks": null,
            "prefix_list_ids": null,
            "protocol": "tcp",
            "security_group_id": "sg-0e2132f87e4bc3b3c",
            "security_group_rule_id": "sgr-0f14ef29a7439ed36",
            "self": false,
            "source_security_group_id": "sg-0ca7cd24176cb9417",
            "timeouts": null,
            "to_port": 443,
            "type": "ingress"
          },
          "sensitive_attributes": [],
          "private": "eyJlMmJmYjczMC1lY2FhLTExZTYtOGY4OC0zNDM2M2JjN2M0YzAiOnsiY3JlYXRlIjozMDAwMDAwMDAwMDB9LCJzY2hlbWFfdmVyc2lvbiI6IjIifQ==",
          "dependencies": [
            "module.eks.aws_security_group.cluster",
            "module.eks.aws_security_group.workers",
            "module.network.aws_vpc.vpc"
          ],
          "create_before_destroy": true
        }
      ]
    },
    {
      "module": "module.eks",
      "mode": "managed",
      "type": "aws_security_group_rule",
      "name": "workers_ingress_self",
      "provider": "provider[\"registry.terraform.io/hashicorp/aws\"]",
      "instances": [
        {
          "index_key": 0,
          "schema_version": 2,
          "attributes": {
            "cidr_blocks": null,
            "description": "Allow node to communicate with each other.",
            "from_port": 0,
            "id": "sgrule-319211073",
            "ipv6_cidr_blocks": null,
            "prefix_list_ids": null,
            "protocol": "-1",
            "security_group_id": "sg-0e2132f87e4bc3b3c",
            "security_group_rule_id": "sgr-002c5cc3ac5b3a1a7",
            "self": false,
            "source_security_group_id": "sg-0e2132f87e4bc3b3c",
            "timeouts": null,
            "to_port": 0,
            "type": "ingress"
          },
          "sensitive_attributes": [],
          "private": "eyJlMmJmYjczMC1lY2FhLTExZTYtOGY4OC0zNDM2M2JjN2M0YzAiOnsiY3JlYXRlIjozMDAwMDAwMDAwMDB9LCJzY2hlbWFfdmVyc2lvbiI6IjIifQ==",
          "dependencies": [
            "module.eks.aws_security_group.workers",
            "module.network.aws_vpc.vpc"
          ],
          "create_before_destroy": true
        }
      ]
    },
    {
      "module": "module.eks",
      "mode": "managed",
      "type": "kubernetes_config_map",
      "name": "aws_auth",
      "provider": "provider[\"registry.terraform.io/hashicorp/kubernetes\"]",
      "instances": [
        {
          "index_key": 0,
          "schema_version": 0,
          "attributes": {
            "binary_data": {},
            "data": {
              "mapAccounts": "[]\n",
              "mapRoles": "- \"groups\":\n  - \"system:bootstrappers\"\n  - \"system:nodes\"\n  \"rolearn\": \"arn:aws:iam::023860687624:role/punjab-prod-fsm-eks20230804084115976100000004\"\n  \"username\": \"system:node:{{EC2PrivateDNSName}}\"\n",
              "mapUsers": "[]\n"
            },
            "id": "kube-system/aws-auth",
            "immutable": false,
            "metadata": [
              {
                "annotations": {},
                "generate_name": "",
                "generation": 0,
                "labels": {
                  "app.kubernetes.io/managed-by": "Terraform",
                  "terraform.io/module": "terraform-aws-modules.eks.aws"
                },
                "name": "aws-auth",
                "namespace": "kube-system",
                "resource_version": "735",
                "uid": "1f5a6311-99c2-40ad-a7a9-e774c5467e86"
              }
            ]
          },
          "sensitive_attributes": [],
          "private": "bnVsbA==",
          "dependencies": [
            "data.aws_eks_cluster.cluster",
            "data.aws_eks_cluster_auth.cluster",
            "module.eks.aws_cloudwatch_log_group.this",
            "module.eks.aws_eks_cluster.this",
            "module.eks.aws_iam_instance_profile.workers",
            "module.eks.aws_iam_instance_profile.workers_launch_template",
            "module.eks.aws_iam_role.cluster",
            "module.eks.aws_iam_role.workers",
            "module.eks.aws_iam_role_policy_attachment.cluster_AmazonEKSClusterPolicy",
            "module.eks.aws_iam_role_policy_attachment.cluster_AmazonEKSServicePolicy",
            "module.eks.aws_iam_role_policy_attachment.cluster_AmazonEKSVPCResourceControllerPolicy",
            "module.eks.aws_iam_role_policy_attachment.workers_AmazonEC2ContainerRegistryReadOnly",
            "module.eks.aws_iam_role_policy_attachment.workers_AmazonEKSWorkerNodePolicy",
            "module.eks.aws_iam_role_policy_attachment.workers_AmazonEKS_CNI_Policy",
            "module.eks.aws_security_group.cluster",
            "module.eks.aws_security_group.workers",
            "module.eks.aws_security_group_rule.cluster_egress_internet",
            "module.eks.aws_security_group_rule.cluster_https_worker_ingress",
            "module.eks.aws_security_group_rule.cluster_private_access_cidrs_source",
            "module.eks.aws_security_group_rule.cluster_private_access_sg_source",
            "module.eks.data.aws_ami.eks_worker",
            "module.eks.data.aws_ami.eks_worker_windows",
            "module.eks.data.aws_caller_identity.current",
            "module.eks.data.aws_iam_instance_profile.custom_worker_group_iam_instance_profile",
            "module.eks.data.aws_iam_instance_profile.custom_worker_group_launch_template_iam_instance_profile",
            "module.eks.data.aws_iam_policy_document.cluster_assume_role_policy",
            "module.eks.data.aws_iam_policy_document.workers_assume_role_policy",
            "module.eks.data.aws_iam_role.custom_cluster_iam_role",
            "module.eks.data.aws_partition.current",
            "module.eks.data.http.wait_for_cluster",
            "module.eks.module.fargate.aws_iam_role.eks_fargate_pod",
            "module.eks.module.fargate.data.aws_iam_policy_document.eks_fargate_pod_assume_role",
            "module.eks.module.fargate.data.aws_iam_role.custom_fargate_iam_role",
            "module.network.aws_subnet.private_subnet",
            "module.network.aws_subnet.public_subnet",
            "module.network.aws_vpc.vpc"
          ]
        }
      ]
    },
    {
      "module": "module.eks",
      "mode": "managed",
      "type": "local_file",
      "name": "kubeconfig",
      "provider": "provider[\"registry.terraform.io/hashicorp/local\"]",
      "instances": [
        {
          "index_key": 0,
          "schema_version": 0,
          "attributes": {
            "content": "apiVersion: v1\npreferences: {}\nkind: Config\n\nclusters:\n- cluster:\n    server: https://ED5E88221DB75D129882B74851BB340B.gr7.ap-south-1.eks.amazonaws.com\n    certificate-authority-data: LS0tLS1CRUdJTiBDRVJUSUZJQ0FURS0tLS0tCk1JSUMvakNDQWVhZ0F3SUJBZ0lCQURBTkJna3Foa2lHOXcwQkFRc0ZBREFWTVJNd0VRWURWUVFERXdwcmRXSmwKY201bGRHVnpNQjRYRFRJek1EZ3dOREE0TXpreE5Wb1hEVE16TURnd01UQTRNemt4TlZvd0ZURVRNQkVHQTFVRQpBeE1LYTNWaVpYSnVaWFJsY3pDQ0FTSXdEUVlKS29aSWh2Y05BUUVCQlFBRGdnRVBBRENDQVFvQ2dnRUJBTm96ClZzLzZHNy9tdGttZDRKMGlnUktjbWtqblZGZDY2ZHROb3k5aml4Y3Z5NTZCSENQQld0TllsOGFQcTNBazZLSFcKOUhPYVZobmg2Q3RybU1CK1lnRzZVbDRhcldQZGRCSE1KcGJMV1dkQmtLQlhVdUV1MUN6b2xqWExiUkRFaHBuNgoreVVkbEVwcmhRK2VQVFhZZFlEa2wzQm1iVUhaY1dYVDgyczg2aFdESXVNbFNJY216MnBTdlVQVlRrODZubFBQClVRSVVNeTJKZnh2Z0FubmQ2UFRLV2UxN0ZWYXZ4SHVwRlZ3a2hMSXNhdHg0RFFEZXBuWnhmLy9KYkVVSjRLTnIKaWttYW54UVRRK3ZFVUhGMERSVWpXeCtQZDA2OFU3Lzc4Um9ZTGllaEhhNHdvSXpLWG5IMFpleE9ZVUwxNzRsTgoyK3VrRDR4bEtLWWR4Qk1JZW1rQ0F3RUFBYU5aTUZjd0RnWURWUjBQQVFIL0JBUURBZ0trTUE4R0ExVWRFd0VCCi93UUZNQU1CQWY4d0hRWURWUjBPQkJZRUZKa0kyZnVFWFdiRGdjWkZsWUQzTE1VY2hRRGtNQlVHQTFVZEVRUU8KTUF5Q0NtdDFZbVZ5Ym1WMFpYTXdEUVlKS29aSWh2Y05BUUVMQlFBRGdnRUJBQXg1RVQ5VEY5L0Fqa2VtalMrSgp5am1KUk55Tm1IckROR0ZNYzljbFFRc3hkR2R5MFVoMXJZa0FXL1paWjFzWlBiN0FkUHRvbzlCM1draXFtNmlrCkVlNWpqTVpkWGozNnAvaGkwcS8zRUtmNURpVVNwY3M5cmxQb2tFdzRlOFc0MkNwWlJKZ3BkR3BqRzQyWFpYRmsKUUhGZHBQcGQ4dzRYeTkxb0hBRDRNREJWc3B3bFNnTHpZS1NXU0tkTXVFNy9pU3RPWmh0WGMrQWJROXBUUi9ENwpzMHQxYVVMNzhaUUx3Q2tWYzIxU2UyaTJ3SklKWDdWaytIRXVyZ3U0ZnplZFZMYy9FNFc3RG5ySXVKa1VaMWR6CkJnODdSclkxT0V5VUxaa0tBSFN3alNDTGV5Z2VTMkZyeVRIKzcxWENsZjVMeGtzbEVyRW9seE1oSHRaQXpseDMKS3g4PQotLS0tLUVORCBDRVJUSUZJQ0FURS0tLS0tCg==\n  name: eks_punjab-prod-fsm-eks\n\ncontexts:\n- context:\n    cluster: eks_punjab-prod-fsm-eks\n    user: eks_punjab-prod-fsm-eks\n  name: eks_punjab-prod-fsm-eks\n\ncurrent-context: eks_punjab-prod-fsm-eks\n\nusers:\n- name: eks_punjab-prod-fsm-eks\n  user:\n    exec:\n      apiVersion: client.authentication.k8s.io/v1alpha1\n      command: aws-iam-authenticator\n      args:\n        - \"token\"\n        - \"-i\"\n        - \"punjab-prod-fsm-eks\"\n",
            "content_base64": null,
            "content_base64sha256": "rVEyD9fdmlv2rVOkcOSBDc8nbkDswZcUkOmAFDTlwis=",
            "content_base64sha512": "FQwMGciCAUOEykcDLLDhNEHSs3GX42TnrDx9jJJ2d7gJFjOGt7IkdcHFs3LZayag9ciGUfM0tegsqV0OSxPX0Q==",
            "content_md5": "44dfd2a54a588a60f4e98f2e6a58adb5",
            "content_sha1": "db6dac414d24b4016bc1e191a8e966d75541ebc9",
            "content_sha256": "ad51320fd7dd9a5bf6ad53a470e4810dcf276e40ecc1971490e9801434e5c22b",
            "content_sha512": "150c0c19c882014384ca47032cb0e13441d2b37197e364e7ac3c7d8c927677b809163386b7b22475c1c5b372d96b26a0f5c88651f334b5e82ca95d0e4b13d7d1",
            "directory_permission": "0755",
            "file_permission": "0600",
            "filename": "./kubeconfig_punjab-prod-fsm-eks",
            "id": "db6dac414d24b4016bc1e191a8e966d75541ebc9",
            "sensitive_content": null,
            "source": null
          },
          "sensitive_attributes": [],
          "dependencies": [
            "module.eks.aws_cloudwatch_log_group.this",
            "module.eks.aws_eks_cluster.this",
            "module.eks.aws_iam_role.cluster",
            "module.eks.aws_iam_role_policy_attachment.cluster_AmazonEKSClusterPolicy",
            "module.eks.aws_iam_role_policy_attachment.cluster_AmazonEKSServicePolicy",
            "module.eks.aws_iam_role_policy_attachment.cluster_AmazonEKSVPCResourceControllerPolicy",
            "module.eks.aws_security_group.cluster",
            "module.eks.aws_security_group.workers",
            "module.eks.aws_security_group_rule.cluster_egress_internet",
            "module.eks.aws_security_group_rule.cluster_https_worker_ingress",
            "module.eks.data.aws_iam_policy_document.cluster_assume_role_policy",
            "module.eks.data.aws_iam_role.custom_cluster_iam_role",
            "module.eks.data.aws_partition.current",
            "module.network.aws_subnet.private_subnet",
            "module.network.aws_subnet.public_subnet",
            "module.network.aws_vpc.vpc"
          ]
        }
      ]
    },
    {
      "module": "module.eks.module.fargate",
      "mode": "data",
      "type": "aws_partition",
      "name": "current",
      "provider": "provider[\"registry.terraform.io/hashicorp/aws\"]",
      "instances": [
        {
          "schema_version": 0,
          "attributes": {
            "dns_suffix": "amazonaws.com",
            "id": "aws",
            "partition": "aws",
            "reverse_dns_prefix": "com.amazonaws"
          },
          "sensitive_attributes": []
        }
      ]
    },
    {
      "module": "module.es-data-infra-v1",
      "mode": "managed",
      "type": "aws_ebs_volume",
      "name": "vol",
      "provider": "provider[\"registry.terraform.io/hashicorp/aws\"]",
      "instances": [
        {
          "index_key": 0,
          "schema_version": 0,
          "attributes": {
            "arn": "arn:aws:ec2:ap-south-1:023860687624:volume/vol-025226d34f18cb2ab",
            "availability_zone": "ap-south-1b",
            "encrypted": false,
            "final_snapshot": false,
            "id": "vol-025226d34f18cb2ab",
            "iops": 100,
            "kms_key_id": "",
            "multi_attach_enabled": false,
            "outpost_arn": "",
            "size": 25,
            "snapshot_id": "",
            "tags": {
              "KubernetesCluster": "punjab-prod-fsm-eks",
              "Name": "es-data-infra-v1-0"
            },
            "tags_all": {
              "KubernetesCluster": "punjab-prod-fsm-eks",
              "Name": "es-data-infra-v1-0"
            },
            "throughput": 0,
            "timeouts": null,
            "type": "gp2"
          },
          "sensitive_attributes": [],
          "private": "eyJlMmJmYjczMC1lY2FhLTExZTYtOGY4OC0zNDM2M2JjN2M0YzAiOnsiY3JlYXRlIjozMDAwMDAwMDAwMDAsImRlbGV0ZSI6MzAwMDAwMDAwMDAwLCJ1cGRhdGUiOjMwMDAwMDAwMDAwMH19"
        },
        {
          "index_key": 1,
          "schema_version": 0,
          "attributes": {
            "arn": "arn:aws:ec2:ap-south-1:023860687624:volume/vol-0c913b89ea61f772e",
            "availability_zone": "ap-south-1b",
            "encrypted": false,
            "final_snapshot": false,
            "id": "vol-0c913b89ea61f772e",
            "iops": 100,
            "kms_key_id": "",
            "multi_attach_enabled": false,
            "outpost_arn": "",
            "size": 25,
            "snapshot_id": "",
            "tags": {
              "KubernetesCluster": "punjab-prod-fsm-eks",
              "Name": "es-data-infra-v1-1"
            },
            "tags_all": {
              "KubernetesCluster": "punjab-prod-fsm-eks",
              "Name": "es-data-infra-v1-1"
            },
            "throughput": 0,
            "timeouts": null,
            "type": "gp2"
          },
          "sensitive_attributes": [],
          "private": "eyJlMmJmYjczMC1lY2FhLTExZTYtOGY4OC0zNDM2M2JjN2M0YzAiOnsiY3JlYXRlIjozMDAwMDAwMDAwMDAsImRlbGV0ZSI6MzAwMDAwMDAwMDAwLCJ1cGRhdGUiOjMwMDAwMDAwMDAwMH19"
        },
        {
          "index_key": 2,
          "schema_version": 0,
          "attributes": {
            "arn": "arn:aws:ec2:ap-south-1:023860687624:volume/vol-08295a3b16e1420ba",
            "availability_zone": "ap-south-1b",
            "encrypted": false,
            "final_snapshot": false,
            "id": "vol-08295a3b16e1420ba",
            "iops": 100,
            "kms_key_id": "",
            "multi_attach_enabled": false,
            "outpost_arn": "",
            "size": 25,
            "snapshot_id": "",
            "tags": {
              "KubernetesCluster": "punjab-prod-fsm-eks",
              "Name": "es-data-infra-v1-2"
            },
            "tags_all": {
              "KubernetesCluster": "punjab-prod-fsm-eks",
              "Name": "es-data-infra-v1-2"
            },
            "throughput": 0,
            "timeouts": null,
            "type": "gp2"
          },
          "sensitive_attributes": [],
          "private": "eyJlMmJmYjczMC1lY2FhLTExZTYtOGY4OC0zNDM2M2JjN2M0YzAiOnsiY3JlYXRlIjozMDAwMDAwMDAwMDAsImRlbGV0ZSI6MzAwMDAwMDAwMDAwLCJ1cGRhdGUiOjMwMDAwMDAwMDAwMH19"
        }
      ]
    },
    {
      "module": "module.es-data-v1",
      "mode": "managed",
      "type": "aws_ebs_volume",
      "name": "vol",
      "provider": "provider[\"registry.terraform.io/hashicorp/aws\"]",
      "instances": [
        {
          "index_key": 0,
          "schema_version": 0,
          "attributes": {
            "arn": "arn:aws:ec2:ap-south-1:023860687624:volume/vol-0dfe5691fe666eb12",
            "availability_zone": "ap-south-1b",
            "encrypted": false,
            "final_snapshot": false,
            "id": "vol-0dfe5691fe666eb12",
            "iops": 100,
            "kms_key_id": "",
            "multi_attach_enabled": false,
            "outpost_arn": "",
            "size": 25,
            "snapshot_id": "",
            "tags": {
              "KubernetesCluster": "punjab-prod-fsm-eks",
              "Name": "es-data-v1-0"
            },
            "tags_all": {
              "KubernetesCluster": "punjab-prod-fsm-eks",
              "Name": "es-data-v1-0"
            },
            "throughput": 0,
            "timeouts": null,
            "type": "gp2"
          },
          "sensitive_attributes": [],
          "private": "eyJlMmJmYjczMC1lY2FhLTExZTYtOGY4OC0zNDM2M2JjN2M0YzAiOnsiY3JlYXRlIjozMDAwMDAwMDAwMDAsImRlbGV0ZSI6MzAwMDAwMDAwMDAwLCJ1cGRhdGUiOjMwMDAwMDAwMDAwMH19"
        },
        {
          "index_key": 1,
          "schema_version": 0,
          "attributes": {
            "arn": "arn:aws:ec2:ap-south-1:023860687624:volume/vol-00d217cd586825507",
            "availability_zone": "ap-south-1b",
            "encrypted": false,
            "final_snapshot": false,
            "id": "vol-00d217cd586825507",
            "iops": 100,
            "kms_key_id": "",
            "multi_attach_enabled": false,
            "outpost_arn": "",
            "size": 25,
            "snapshot_id": "",
            "tags": {
              "KubernetesCluster": "punjab-prod-fsm-eks",
              "Name": "es-data-v1-1"
            },
            "tags_all": {
              "KubernetesCluster": "punjab-prod-fsm-eks",
              "Name": "es-data-v1-1"
            },
            "throughput": 0,
            "timeouts": null,
            "type": "gp2"
          },
          "sensitive_attributes": [],
          "private": "eyJlMmJmYjczMC1lY2FhLTExZTYtOGY4OC0zNDM2M2JjN2M0YzAiOnsiY3JlYXRlIjozMDAwMDAwMDAwMDAsImRlbGV0ZSI6MzAwMDAwMDAwMDAwLCJ1cGRhdGUiOjMwMDAwMDAwMDAwMH19"
        },
        {
          "index_key": 2,
          "schema_version": 0,
          "attributes": {
            "arn": "arn:aws:ec2:ap-south-1:023860687624:volume/vol-0c984e906205b4fab",
            "availability_zone": "ap-south-1b",
            "encrypted": false,
            "final_snapshot": false,
            "id": "vol-0c984e906205b4fab",
            "iops": 100,
            "kms_key_id": "",
            "multi_attach_enabled": false,
            "outpost_arn": "",
            "size": 25,
            "snapshot_id": "",
            "tags": {
              "KubernetesCluster": "punjab-prod-fsm-eks",
              "Name": "es-data-v1-2"
            },
            "tags_all": {
              "KubernetesCluster": "punjab-prod-fsm-eks",
              "Name": "es-data-v1-2"
            },
            "throughput": 0,
            "timeouts": null,
            "type": "gp2"
          },
          "sensitive_attributes": [],
          "private": "eyJlMmJmYjczMC1lY2FhLTExZTYtOGY4OC0zNDM2M2JjN2M0YzAiOnsiY3JlYXRlIjozMDAwMDAwMDAwMDAsImRlbGV0ZSI6MzAwMDAwMDAwMDAwLCJ1cGRhdGUiOjMwMDAwMDAwMDAwMH19"
        }
      ]
    },
    {
      "module": "module.es-master",
      "mode": "managed",
      "type": "aws_ebs_volume",
      "name": "vol",
      "provider": "provider[\"registry.terraform.io/hashicorp/aws\"]",
      "instances": [
        {
          "index_key": 0,
          "schema_version": 0,
          "attributes": {
            "arn": "arn:aws:ec2:ap-south-1:023860687624:volume/vol-0a54377b301236b60",
            "availability_zone": "ap-south-1b",
            "encrypted": false,
            "final_snapshot": false,
            "id": "vol-0a54377b301236b60",
            "iops": 100,
            "kms_key_id": "",
            "multi_attach_enabled": false,
            "outpost_arn": "",
            "size": 2,
            "snapshot_id": "",
            "tags": {
              "KubernetesCluster": "punjab-prod-fsm-eks",
              "Name": "es-master-0"
            },
            "tags_all": {
              "KubernetesCluster": "punjab-prod-fsm-eks",
              "Name": "es-master-0"
            },
            "throughput": 0,
            "timeouts": null,
            "type": "gp2"
          },
          "sensitive_attributes": [],
          "private": "eyJlMmJmYjczMC1lY2FhLTExZTYtOGY4OC0zNDM2M2JjN2M0YzAiOnsiY3JlYXRlIjozMDAwMDAwMDAwMDAsImRlbGV0ZSI6MzAwMDAwMDAwMDAwLCJ1cGRhdGUiOjMwMDAwMDAwMDAwMH19"
        },
        {
          "index_key": 1,
          "schema_version": 0,
          "attributes": {
            "arn": "arn:aws:ec2:ap-south-1:023860687624:volume/vol-073f00502b393bf8e",
            "availability_zone": "ap-south-1b",
            "encrypted": false,
            "final_snapshot": false,
            "id": "vol-073f00502b393bf8e",
            "iops": 100,
            "kms_key_id": "",
            "multi_attach_enabled": false,
            "outpost_arn": "",
            "size": 2,
            "snapshot_id": "",
            "tags": {
              "KubernetesCluster": "punjab-prod-fsm-eks",
              "Name": "es-master-1"
            },
            "tags_all": {
              "KubernetesCluster": "punjab-prod-fsm-eks",
              "Name": "es-master-1"
            },
            "throughput": 0,
            "timeouts": null,
            "type": "gp2"
          },
          "sensitive_attributes": [],
          "private": "eyJlMmJmYjczMC1lY2FhLTExZTYtOGY4OC0zNDM2M2JjN2M0YzAiOnsiY3JlYXRlIjozMDAwMDAwMDAwMDAsImRlbGV0ZSI6MzAwMDAwMDAwMDAwLCJ1cGRhdGUiOjMwMDAwMDAwMDAwMH19"
        },
        {
          "index_key": 2,
          "schema_version": 0,
          "attributes": {
            "arn": "arn:aws:ec2:ap-south-1:023860687624:volume/vol-08791c4371940644d",
            "availability_zone": "ap-south-1b",
            "encrypted": false,
            "final_snapshot": false,
            "id": "vol-08791c4371940644d",
            "iops": 100,
            "kms_key_id": "",
            "multi_attach_enabled": false,
            "outpost_arn": "",
            "size": 2,
            "snapshot_id": "",
            "tags": {
              "KubernetesCluster": "punjab-prod-fsm-eks",
              "Name": "es-master-2"
            },
            "tags_all": {
              "KubernetesCluster": "punjab-prod-fsm-eks",
              "Name": "es-master-2"
            },
            "throughput": 0,
            "timeouts": null,
            "type": "gp2"
          },
          "sensitive_attributes": [],
          "private": "eyJlMmJmYjczMC1lY2FhLTExZTYtOGY4OC0zNDM2M2JjN2M0YzAiOnsiY3JlYXRlIjozMDAwMDAwMDAwMDAsImRlbGV0ZSI6MzAwMDAwMDAwMDAwLCJ1cGRhdGUiOjMwMDAwMDAwMDAwMH19"
        }
      ]
    },
    {
      "module": "module.es-master-infra",
      "mode": "managed",
      "type": "aws_ebs_volume",
      "name": "vol",
      "provider": "provider[\"registry.terraform.io/hashicorp/aws\"]",
      "instances": [
        {
          "index_key": 0,
          "schema_version": 0,
          "attributes": {
            "arn": "arn:aws:ec2:ap-south-1:023860687624:volume/vol-0cb70bce4345e0eb4",
            "availability_zone": "ap-south-1b",
            "encrypted": false,
            "final_snapshot": false,
            "id": "vol-0cb70bce4345e0eb4",
            "iops": 100,
            "kms_key_id": "",
            "multi_attach_enabled": false,
            "outpost_arn": "",
            "size": 2,
            "snapshot_id": "",
            "tags": {
              "KubernetesCluster": "punjab-prod-fsm-eks",
              "Name": "es-master-infra-0"
            },
            "tags_all": {
              "KubernetesCluster": "punjab-prod-fsm-eks",
              "Name": "es-master-infra-0"
            },
            "throughput": 0,
            "timeouts": null,
            "type": "gp2"
          },
          "sensitive_attributes": [],
          "private": "eyJlMmJmYjczMC1lY2FhLTExZTYtOGY4OC0zNDM2M2JjN2M0YzAiOnsiY3JlYXRlIjozMDAwMDAwMDAwMDAsImRlbGV0ZSI6MzAwMDAwMDAwMDAwLCJ1cGRhdGUiOjMwMDAwMDAwMDAwMH19"
        },
        {
          "index_key": 1,
          "schema_version": 0,
          "attributes": {
            "arn": "arn:aws:ec2:ap-south-1:023860687624:volume/vol-068e985176e46d06b",
            "availability_zone": "ap-south-1b",
            "encrypted": false,
            "final_snapshot": false,
            "id": "vol-068e985176e46d06b",
            "iops": 100,
            "kms_key_id": "",
            "multi_attach_enabled": false,
            "outpost_arn": "",
            "size": 2,
            "snapshot_id": "",
            "tags": {
              "KubernetesCluster": "punjab-prod-fsm-eks",
              "Name": "es-master-infra-1"
            },
            "tags_all": {
              "KubernetesCluster": "punjab-prod-fsm-eks",
              "Name": "es-master-infra-1"
            },
            "throughput": 0,
            "timeouts": null,
            "type": "gp2"
          },
          "sensitive_attributes": [],
          "private": "eyJlMmJmYjczMC1lY2FhLTExZTYtOGY4OC0zNDM2M2JjN2M0YzAiOnsiY3JlYXRlIjozMDAwMDAwMDAwMDAsImRlbGV0ZSI6MzAwMDAwMDAwMDAwLCJ1cGRhdGUiOjMwMDAwMDAwMDAwMH19"
        },
        {
          "index_key": 2,
          "schema_version": 0,
          "attributes": {
            "arn": "arn:aws:ec2:ap-south-1:023860687624:volume/vol-074f971c4a4494975",
            "availability_zone": "ap-south-1b",
            "encrypted": false,
            "final_snapshot": false,
            "id": "vol-074f971c4a4494975",
            "iops": 100,
            "kms_key_id": "",
            "multi_attach_enabled": false,
            "outpost_arn": "",
            "size": 2,
            "snapshot_id": "",
            "tags": {
              "KubernetesCluster": "punjab-prod-fsm-eks",
              "Name": "es-master-infra-2"
            },
            "tags_all": {
              "KubernetesCluster": "punjab-prod-fsm-eks",
              "Name": "es-master-infra-2"
            },
            "throughput": 0,
            "timeouts": null,
            "type": "gp2"
          },
          "sensitive_attributes": [],
          "private": "eyJlMmJmYjczMC1lY2FhLTExZTYtOGY4OC0zNDM2M2JjN2M0YzAiOnsiY3JlYXRlIjozMDAwMDAwMDAwMDAsImRlbGV0ZSI6MzAwMDAwMDAwMDAwLCJ1cGRhdGUiOjMwMDAwMDAwMDAwMH19"
        }
      ]
    },
    {
      "module": "module.kafka",
      "mode": "managed",
      "type": "aws_ebs_volume",
      "name": "vol",
      "provider": "provider[\"registry.terraform.io/hashicorp/aws\"]",
      "instances": [
        {
          "index_key": 0,
          "schema_version": 0,
          "attributes": {
            "arn": "arn:aws:ec2:ap-south-1:023860687624:volume/vol-0406ce74ed87dce3e",
            "availability_zone": "ap-south-1b",
            "encrypted": false,
            "final_snapshot": false,
            "id": "vol-0406ce74ed87dce3e",
            "iops": 150,
            "kms_key_id": "",
            "multi_attach_enabled": false,
            "outpost_arn": "",
            "size": 50,
            "snapshot_id": "",
            "tags": {
              "KubernetesCluster": "punjab-prod-fsm-eks",
              "Name": "kafka-0"
            },
            "tags_all": {
              "KubernetesCluster": "punjab-prod-fsm-eks",
              "Name": "kafka-0"
            },
            "throughput": 0,
            "timeouts": null,
            "type": "gp2"
          },
          "sensitive_attributes": [],
          "private": "eyJlMmJmYjczMC1lY2FhLTExZTYtOGY4OC0zNDM2M2JjN2M0YzAiOnsiY3JlYXRlIjozMDAwMDAwMDAwMDAsImRlbGV0ZSI6MzAwMDAwMDAwMDAwLCJ1cGRhdGUiOjMwMDAwMDAwMDAwMH19"
        },
        {
          "index_key": 1,
          "schema_version": 0,
          "attributes": {
            "arn": "arn:aws:ec2:ap-south-1:023860687624:volume/vol-0c0539103c93aedc4",
            "availability_zone": "ap-south-1b",
            "encrypted": false,
            "final_snapshot": false,
            "id": "vol-0c0539103c93aedc4",
            "iops": 150,
            "kms_key_id": "",
            "multi_attach_enabled": false,
            "outpost_arn": "",
            "size": 50,
            "snapshot_id": "",
            "tags": {
              "KubernetesCluster": "punjab-prod-fsm-eks",
              "Name": "kafka-1"
            },
            "tags_all": {
              "KubernetesCluster": "punjab-prod-fsm-eks",
              "Name": "kafka-1"
            },
            "throughput": 0,
            "timeouts": null,
            "type": "gp2"
          },
          "sensitive_attributes": [],
          "private": "eyJlMmJmYjczMC1lY2FhLTExZTYtOGY4OC0zNDM2M2JjN2M0YzAiOnsiY3JlYXRlIjozMDAwMDAwMDAwMDAsImRlbGV0ZSI6MzAwMDAwMDAwMDAwLCJ1cGRhdGUiOjMwMDAwMDAwMDAwMH19"
        },
        {
          "index_key": 2,
          "schema_version": 0,
          "attributes": {
            "arn": "arn:aws:ec2:ap-south-1:023860687624:volume/vol-027f38309e445f329",
            "availability_zone": "ap-south-1b",
            "encrypted": false,
            "final_snapshot": false,
            "id": "vol-027f38309e445f329",
            "iops": 150,
            "kms_key_id": "",
            "multi_attach_enabled": false,
            "outpost_arn": "",
            "size": 50,
            "snapshot_id": "",
            "tags": {
              "KubernetesCluster": "punjab-prod-fsm-eks",
              "Name": "kafka-2"
            },
            "tags_all": {
              "KubernetesCluster": "punjab-prod-fsm-eks",
              "Name": "kafka-2"
            },
            "throughput": 0,
            "timeouts": null,
            "type": "gp2"
          },
          "sensitive_attributes": [],
          "private": "eyJlMmJmYjczMC1lY2FhLTExZTYtOGY4OC0zNDM2M2JjN2M0YzAiOnsiY3JlYXRlIjozMDAwMDAwMDAwMDAsImRlbGV0ZSI6MzAwMDAwMDAwMDAwLCJ1cGRhdGUiOjMwMDAwMDAwMDAwMH19"
        }
      ]
    },
    {
      "module": "module.kafka-infra",
      "mode": "managed",
      "type": "aws_ebs_volume",
      "name": "vol",
      "provider": "provider[\"registry.terraform.io/hashicorp/aws\"]",
      "instances": [
        {
          "index_key": 0,
          "schema_version": 0,
          "attributes": {
            "arn": "arn:aws:ec2:ap-south-1:023860687624:volume/vol-01ab215bc8f626b41",
            "availability_zone": "ap-south-1b",
            "encrypted": false,
            "final_snapshot": false,
            "id": "vol-01ab215bc8f626b41",
            "iops": 150,
            "kms_key_id": "",
            "multi_attach_enabled": false,
            "outpost_arn": "",
            "size": 50,
            "snapshot_id": "",
            "tags": {
              "KubernetesCluster": "punjab-prod-fsm-eks",
              "Name": "kafka-infra-0"
            },
            "tags_all": {
              "KubernetesCluster": "punjab-prod-fsm-eks",
              "Name": "kafka-infra-0"
            },
            "throughput": 0,
            "timeouts": null,
            "type": "gp2"
          },
          "sensitive_attributes": [],
          "private": "eyJlMmJmYjczMC1lY2FhLTExZTYtOGY4OC0zNDM2M2JjN2M0YzAiOnsiY3JlYXRlIjozMDAwMDAwMDAwMDAsImRlbGV0ZSI6MzAwMDAwMDAwMDAwLCJ1cGRhdGUiOjMwMDAwMDAwMDAwMH19"
        },
        {
          "index_key": 1,
          "schema_version": 0,
          "attributes": {
            "arn": "arn:aws:ec2:ap-south-1:023860687624:volume/vol-0c76adfeff4b14c60",
            "availability_zone": "ap-south-1b",
            "encrypted": false,
            "final_snapshot": false,
            "id": "vol-0c76adfeff4b14c60",
            "iops": 150,
            "kms_key_id": "",
            "multi_attach_enabled": false,
            "outpost_arn": "",
            "size": 50,
            "snapshot_id": "",
            "tags": {
              "KubernetesCluster": "punjab-prod-fsm-eks",
              "Name": "kafka-infra-1"
            },
            "tags_all": {
              "KubernetesCluster": "punjab-prod-fsm-eks",
              "Name": "kafka-infra-1"
            },
            "throughput": 0,
            "timeouts": null,
            "type": "gp2"
          },
          "sensitive_attributes": [],
          "private": "eyJlMmJmYjczMC1lY2FhLTExZTYtOGY4OC0zNDM2M2JjN2M0YzAiOnsiY3JlYXRlIjozMDAwMDAwMDAwMDAsImRlbGV0ZSI6MzAwMDAwMDAwMDAwLCJ1cGRhdGUiOjMwMDAwMDAwMDAwMH19"
        },
        {
          "index_key": 2,
          "schema_version": 0,
          "attributes": {
            "arn": "arn:aws:ec2:ap-south-1:023860687624:volume/vol-06b847c047d43c1f3",
            "availability_zone": "ap-south-1b",
            "encrypted": false,
            "final_snapshot": false,
            "id": "vol-06b847c047d43c1f3",
            "iops": 150,
            "kms_key_id": "",
            "multi_attach_enabled": false,
            "outpost_arn": "",
            "size": 50,
            "snapshot_id": "",
            "tags": {
              "KubernetesCluster": "punjab-prod-fsm-eks",
              "Name": "kafka-infra-2"
            },
            "tags_all": {
              "KubernetesCluster": "punjab-prod-fsm-eks",
              "Name": "kafka-infra-2"
            },
            "throughput": 0,
            "timeouts": null,
            "type": "gp2"
          },
          "sensitive_attributes": [],
          "private": "eyJlMmJmYjczMC1lY2FhLTExZTYtOGY4OC0zNDM2M2JjN2M0YzAiOnsiY3JlYXRlIjozMDAwMDAwMDAwMDAsImRlbGV0ZSI6MzAwMDAwMDAwMDAwLCJ1cGRhdGUiOjMwMDAwMDAwMDAwMH19"
        }
      ]
    },
    {
      "module": "module.network",
      "mode": "managed",
      "type": "aws_eip",
      "name": "eip",
      "provider": "provider[\"registry.terraform.io/hashicorp/aws\"]",
      "instances": [
        {
          "schema_version": 0,
          "attributes": {
            "address": null,
            "allocation_id": "eipalloc-0265448ac8ba5a52b",
            "associate_with_private_ip": null,
            "association_id": "eipassoc-07bbaeb18b0e80d14",
            "carrier_ip": "",
            "customer_owned_ip": "",
            "customer_owned_ipv4_pool": "",
            "domain": "vpc",
            "id": "eipalloc-0265448ac8ba5a52b",
            "instance": "",
            "network_border_group": "ap-south-1",
            "network_interface": "eni-031eaa054d3201f6c",
            "private_dns": "ip-192-168-2-199.ap-south-1.compute.internal",
            "private_ip": "192.168.2.199",
            "public_dns": "ec2-13-232-96-71.ap-south-1.compute.amazonaws.com",
            "public_ip": "13.232.96.71",
            "public_ipv4_pool": "amazon",
            "tags": {
              "KubernetesCluster": "punjab-prod-fsm-eks",
              "Name": "eip-punjab-prod-fsm-eks",
              "kubernetes.io/cluster/punjab-prod-fsm-eks": "shared"
            },
            "tags_all": {
              "KubernetesCluster": "punjab-prod-fsm-eks",
              "Name": "eip-punjab-prod-fsm-eks",
              "kubernetes.io/cluster/punjab-prod-fsm-eks": "shared"
            },
            "timeouts": null,
            "vpc": true
          },
          "sensitive_attributes": [],
          "private": "eyJlMmJmYjczMC1lY2FhLTExZTYtOGY4OC0zNDM2M2JjN2M0YzAiOnsiZGVsZXRlIjoxODAwMDAwMDAwMDAsInJlYWQiOjkwMDAwMDAwMDAwMCwidXBkYXRlIjozMDAwMDAwMDAwMDB9fQ==",
          "dependencies": [
            "module.network.aws_internet_gateway.internet_gateway",
            "module.network.aws_vpc.vpc"
          ]
        }
      ]
    },
    {
      "module": "module.network",
      "mode": "managed",
      "type": "aws_internet_gateway",
      "name": "internet_gateway",
      "provider": "provider[\"registry.terraform.io/hashicorp/aws\"]",
      "instances": [
        {
          "schema_version": 0,
          "attributes": {
            "arn": "arn:aws:ec2:ap-south-1:023860687624:internet-gateway/igw-0c21a3dab15aadf2f",
            "id": "igw-0c21a3dab15aadf2f",
            "owner_id": "023860687624",
            "tags": {
              "KubernetesCluster": "punjab-prod-fsm-eks",
              "Name": "punjab-prod-fsm-eks",
              "kubernetes.io/cluster/punjab-prod-fsm-eks": "shared"
            },
            "tags_all": {
              "KubernetesCluster": "punjab-prod-fsm-eks",
              "Name": "punjab-prod-fsm-eks",
              "kubernetes.io/cluster/punjab-prod-fsm-eks": "shared"
            },
            "timeouts": null,
            "vpc_id": "vpc-094e5140bca95a452"
          },
          "sensitive_attributes": [],
          "private": "eyJlMmJmYjczMC1lY2FhLTExZTYtOGY4OC0zNDM2M2JjN2M0YzAiOnsiY3JlYXRlIjoxMjAwMDAwMDAwMDAwLCJkZWxldGUiOjEyMDAwMDAwMDAwMDAsInVwZGF0ZSI6MTIwMDAwMDAwMDAwMH19",
          "dependencies": [
            "module.network.aws_vpc.vpc"
          ]
        }
      ]
    },
    {
      "module": "module.network",
      "mode": "managed",
      "type": "aws_nat_gateway",
      "name": "nat",
      "provider": "provider[\"registry.terraform.io/hashicorp/aws\"]",
      "instances": [
        {
          "schema_version": 0,
          "attributes": {
            "allocation_id": "eipalloc-0265448ac8ba5a52b",
            "association_id": "eipassoc-07bbaeb18b0e80d14",
            "connectivity_type": "public",
            "id": "nat-0c7f2b342fd734bff",
            "network_interface_id": "eni-031eaa054d3201f6c",
            "private_ip": "192.168.2.199",
            "public_ip": "13.232.96.71",
            "secondary_allocation_ids": [],
            "secondary_private_ip_address_count": 0,
            "secondary_private_ip_addresses": [],
            "subnet_id": "subnet-070c5419e3946c898",
            "tags": {
              "KubernetesCluster": "punjab-prod-fsm-eks",
              "Name": "nat-gw-punjab-prod-fsm-eks",
              "kubernetes.io/cluster/punjab-prod-fsm-eks": "shared"
            },
            "tags_all": {
              "KubernetesCluster": "punjab-prod-fsm-eks",
              "Name": "nat-gw-punjab-prod-fsm-eks",
              "kubernetes.io/cluster/punjab-prod-fsm-eks": "shared"
            },
            "timeouts": null
          },
          "sensitive_attributes": [],
          "private": "eyJlMmJmYjczMC1lY2FhLTExZTYtOGY4OC0zNDM2M2JjN2M0YzAiOnsiY3JlYXRlIjo2MDAwMDAwMDAwMDAsImRlbGV0ZSI6MTgwMDAwMDAwMDAwMCwidXBkYXRlIjo2MDAwMDAwMDAwMDB9fQ==",
          "dependencies": [
            "module.network.aws_eip.eip",
            "module.network.aws_internet_gateway.internet_gateway",
            "module.network.aws_subnet.public_subnet",
            "module.network.aws_vpc.vpc"
          ]
        }
      ]
    },
    {
      "module": "module.network",
      "mode": "managed",
      "type": "aws_route_table",
      "name": "private_route_table",
      "provider": "provider[\"registry.terraform.io/hashicorp/aws\"]",
      "instances": [
        {
          "schema_version": 0,
          "attributes": {
            "arn": "arn:aws:ec2:ap-south-1:023860687624:route-table/rtb-0e7d174bdf4e4136d",
            "id": "rtb-0e7d174bdf4e4136d",
            "owner_id": "023860687624",
            "propagating_vgws": [],
            "route": [
              {
                "carrier_gateway_id": "",
                "cidr_block": "0.0.0.0/0",
                "core_network_arn": "",
                "destination_prefix_list_id": "",
                "egress_only_gateway_id": "",
                "gateway_id": "",
                "ipv6_cidr_block": "",
                "local_gateway_id": "",
                "nat_gateway_id": "nat-0c7f2b342fd734bff",
                "network_interface_id": "",
                "transit_gateway_id": "",
                "vpc_endpoint_id": "",
                "vpc_peering_connection_id": ""
              }
            ],
            "tags": {
              "KubernetesCluster": "punjab-prod-fsm-eks",
              "Name": "private-punjab-prod-fsm-eks-rtb",
              "kubernetes.io/cluster/punjab-prod-fsm-eks": "shared"
            },
            "tags_all": {
              "KubernetesCluster": "punjab-prod-fsm-eks",
              "Name": "private-punjab-prod-fsm-eks-rtb",
              "kubernetes.io/cluster/punjab-prod-fsm-eks": "shared"
            },
            "timeouts": null,
            "vpc_id": "vpc-094e5140bca95a452"
          },
          "sensitive_attributes": [],
          "private": "eyJlMmJmYjczMC1lY2FhLTExZTYtOGY4OC0zNDM2M2JjN2M0YzAiOnsiY3JlYXRlIjozMDAwMDAwMDAwMDAsImRlbGV0ZSI6MzAwMDAwMDAwMDAwLCJ1cGRhdGUiOjEyMDAwMDAwMDAwMH19",
          "dependencies": [
            "module.network.aws_eip.eip",
            "module.network.aws_internet_gateway.internet_gateway",
            "module.network.aws_nat_gateway.nat",
            "module.network.aws_subnet.public_subnet",
            "module.network.aws_vpc.vpc"
          ]
        }
      ]
    },
    {
      "module": "module.network",
      "mode": "managed",
      "type": "aws_route_table",
      "name": "public_route_table",
      "provider": "provider[\"registry.terraform.io/hashicorp/aws\"]",
      "instances": [
        {
          "schema_version": 0,
          "attributes": {
            "arn": "arn:aws:ec2:ap-south-1:023860687624:route-table/rtb-0baaac88c5bbf7e8c",
            "id": "rtb-0baaac88c5bbf7e8c",
            "owner_id": "023860687624",
            "propagating_vgws": [],
            "route": [
              {
                "carrier_gateway_id": "",
                "cidr_block": "0.0.0.0/0",
                "core_network_arn": "",
                "destination_prefix_list_id": "",
                "egress_only_gateway_id": "",
                "gateway_id": "igw-0c21a3dab15aadf2f",
                "ipv6_cidr_block": "",
                "local_gateway_id": "",
                "nat_gateway_id": "",
                "network_interface_id": "",
                "transit_gateway_id": "",
                "vpc_endpoint_id": "",
                "vpc_peering_connection_id": ""
              }
            ],
            "tags": {
              "KubernetesCluster": "punjab-prod-fsm-eks",
              "Name": "public-punjab-prod-fsm-eks-rtb",
              "kubernetes.io/cluster/punjab-prod-fsm-eks": "shared"
            },
            "tags_all": {
              "KubernetesCluster": "punjab-prod-fsm-eks",
              "Name": "public-punjab-prod-fsm-eks-rtb",
              "kubernetes.io/cluster/punjab-prod-fsm-eks": "shared"
            },
            "timeouts": null,
            "vpc_id": "vpc-094e5140bca95a452"
          },
          "sensitive_attributes": [],
          "private": "eyJlMmJmYjczMC1lY2FhLTExZTYtOGY4OC0zNDM2M2JjN2M0YzAiOnsiY3JlYXRlIjozMDAwMDAwMDAwMDAsImRlbGV0ZSI6MzAwMDAwMDAwMDAwLCJ1cGRhdGUiOjEyMDAwMDAwMDAwMH19",
          "dependencies": [
            "module.network.aws_internet_gateway.internet_gateway",
            "module.network.aws_vpc.vpc"
          ]
        }
      ]
    },
    {
      "module": "module.network",
      "mode": "managed",
      "type": "aws_route_table_association",
      "name": "private",
      "provider": "provider[\"registry.terraform.io/hashicorp/aws\"]",
      "instances": [
        {
          "index_key": 0,
          "schema_version": 0,
          "attributes": {
            "gateway_id": "",
            "id": "rtbassoc-059395b56296396ad",
            "route_table_id": "rtb-0e7d174bdf4e4136d",
            "subnet_id": "subnet-059d4c258f5f830e7",
            "timeouts": null
          },
          "sensitive_attributes": [],
          "private": "eyJlMmJmYjczMC1lY2FhLTExZTYtOGY4OC0zNDM2M2JjN2M0YzAiOnsiY3JlYXRlIjozMDAwMDAwMDAwMDAsImRlbGV0ZSI6MzAwMDAwMDAwMDAwLCJ1cGRhdGUiOjEyMDAwMDAwMDAwMH19",
          "dependencies": [
            "module.network.aws_eip.eip",
            "module.network.aws_internet_gateway.internet_gateway",
            "module.network.aws_nat_gateway.nat",
            "module.network.aws_route_table.private_route_table",
            "module.network.aws_subnet.private_subnet",
            "module.network.aws_subnet.public_subnet",
            "module.network.aws_vpc.vpc"
          ]
        },
        {
          "index_key": 1,
          "schema_version": 0,
          "attributes": {
            "gateway_id": "",
            "id": "rtbassoc-0b29ab2e60d73eaae",
            "route_table_id": "rtb-0e7d174bdf4e4136d",
            "subnet_id": "subnet-05609e9d151f73e1b",
            "timeouts": null
          },
          "sensitive_attributes": [],
          "private": "eyJlMmJmYjczMC1lY2FhLTExZTYtOGY4OC0zNDM2M2JjN2M0YzAiOnsiY3JlYXRlIjozMDAwMDAwMDAwMDAsImRlbGV0ZSI6MzAwMDAwMDAwMDAwLCJ1cGRhdGUiOjEyMDAwMDAwMDAwMH19",
          "dependencies": [
            "module.network.aws_eip.eip",
            "module.network.aws_internet_gateway.internet_gateway",
            "module.network.aws_nat_gateway.nat",
            "module.network.aws_route_table.private_route_table",
            "module.network.aws_subnet.private_subnet",
            "module.network.aws_subnet.public_subnet",
            "module.network.aws_vpc.vpc"
          ]
        }
      ]
    },
    {
      "module": "module.network",
      "mode": "managed",
      "type": "aws_route_table_association",
      "name": "public",
      "provider": "provider[\"registry.terraform.io/hashicorp/aws\"]",
      "instances": [
        {
          "index_key": 0,
          "schema_version": 0,
          "attributes": {
            "gateway_id": "",
            "id": "rtbassoc-0f5e68db0eb0b7fb5",
            "route_table_id": "rtb-0baaac88c5bbf7e8c",
            "subnet_id": "subnet-070c5419e3946c898",
            "timeouts": null
          },
          "sensitive_attributes": [],
          "private": "eyJlMmJmYjczMC1lY2FhLTExZTYtOGY4OC0zNDM2M2JjN2M0YzAiOnsiY3JlYXRlIjozMDAwMDAwMDAwMDAsImRlbGV0ZSI6MzAwMDAwMDAwMDAwLCJ1cGRhdGUiOjEyMDAwMDAwMDAwMH19",
          "dependencies": [
            "module.network.aws_internet_gateway.internet_gateway",
            "module.network.aws_route_table.public_route_table",
            "module.network.aws_subnet.public_subnet",
            "module.network.aws_vpc.vpc"
          ]
        },
        {
          "index_key": 1,
          "schema_version": 0,
          "attributes": {
            "gateway_id": "",
            "id": "rtbassoc-006302057e1118d87",
            "route_table_id": "rtb-0baaac88c5bbf7e8c",
            "subnet_id": "subnet-0bace6652807f6578",
            "timeouts": null
          },
          "sensitive_attributes": [],
          "private": "eyJlMmJmYjczMC1lY2FhLTExZTYtOGY4OC0zNDM2M2JjN2M0YzAiOnsiY3JlYXRlIjozMDAwMDAwMDAwMDAsImRlbGV0ZSI6MzAwMDAwMDAwMDAwLCJ1cGRhdGUiOjEyMDAwMDAwMDAwMH19",
          "dependencies": [
            "module.network.aws_internet_gateway.internet_gateway",
            "module.network.aws_route_table.public_route_table",
            "module.network.aws_subnet.public_subnet",
            "module.network.aws_vpc.vpc"
          ]
        }
      ]
    },
    {
      "module": "module.network",
      "mode": "managed",
      "type": "aws_security_group",
      "name": "rds_db_sg",
      "provider": "provider[\"registry.terraform.io/hashicorp/aws\"]",
      "instances": [
        {
          "schema_version": 1,
          "attributes": {
            "arn": "arn:aws:ec2:ap-south-1:023860687624:security-group/sg-053cff7fb4d81f43e",
            "description": "RDS Database security group",
            "egress": [],
            "id": "sg-053cff7fb4d81f43e",
            "ingress": [
              {
                "cidr_blocks": [],
                "description": "Allow worker nodes to communicate with RDS database",
                "from_port": 5432,
                "ipv6_cidr_blocks": [],
                "prefix_list_ids": [],
                "protocol": "tcp",
                "security_groups": [
                  "sg-0ca7cd24176cb9417"
                ],
                "self": false,
                "to_port": 5432
              }
            ],
            "name": "db-punjab-prod-fsm-eks",
            "name_prefix": "",
            "owner_id": "023860687624",
            "revoke_rules_on_delete": false,
            "tags": {
              "Name": "db-punjab-prod-fsm-eks"
            },
            "tags_all": {
              "Name": "db-punjab-prod-fsm-eks"
            },
            "timeouts": null,
            "vpc_id": "vpc-094e5140bca95a452"
          },
          "sensitive_attributes": [],
          "private": "eyJlMmJmYjczMC1lY2FhLTExZTYtOGY4OC0zNDM2M2JjN2M0YzAiOnsiY3JlYXRlIjo2MDAwMDAwMDAwMDAsImRlbGV0ZSI6OTAwMDAwMDAwMDAwfSwic2NoZW1hX3ZlcnNpb24iOiIxIn0=",
          "dependencies": [
            "module.network.aws_vpc.vpc"
          ]
        }
      ]
    },
    {
      "module": "module.network",
      "mode": "managed",
      "type": "aws_subnet",
      "name": "private_subnet",
      "provider": "provider[\"registry.terraform.io/hashicorp/aws\"]",
      "instances": [
        {
          "index_key": 0,
          "schema_version": 1,
          "attributes": {
            "arn": "arn:aws:ec2:ap-south-1:023860687624:subnet/subnet-059d4c258f5f830e7",
            "assign_ipv6_address_on_creation": false,
            "availability_zone": "ap-south-1b",
            "availability_zone_id": "aps1-az3",
            "cidr_block": "192.168.64.0/19",
            "customer_owned_ipv4_pool": "",
            "enable_dns64": false,
            "enable_lni_at_device_index": 0,
            "enable_resource_name_dns_a_record_on_launch": false,
            "enable_resource_name_dns_aaaa_record_on_launch": false,
            "id": "subnet-059d4c258f5f830e7",
            "ipv6_cidr_block": "",
            "ipv6_cidr_block_association_id": "",
            "ipv6_native": false,
            "map_customer_owned_ip_on_launch": false,
            "map_public_ip_on_launch": false,
            "outpost_arn": "",
            "owner_id": "023860687624",
            "private_dns_hostname_type_on_launch": "ip-name",
            "tags": {
              "KubernetesCluster": "punjab-prod-fsm-eks",
              "Name": "ap-south-1b-punjab-prod-fsm-eks",
              "SubnetType": "Private",
              "kubernetes.io/cluster/punjab-prod-fsm-eks": "shared",
              "kubernetes.io/role/internal-elb": "1"
            },
            "tags_all": {
              "KubernetesCluster": "punjab-prod-fsm-eks",
              "Name": "ap-south-1b-punjab-prod-fsm-eks",
              "SubnetType": "Private",
              "kubernetes.io/cluster/punjab-prod-fsm-eks": "shared",
              "kubernetes.io/role/internal-elb": "1"
            },
            "timeouts": null,
            "vpc_id": "vpc-094e5140bca95a452"
          },
          "sensitive_attributes": [],
          "private": "eyJlMmJmYjczMC1lY2FhLTExZTYtOGY4OC0zNDM2M2JjN2M0YzAiOnsiY3JlYXRlIjo2MDAwMDAwMDAwMDAsImRlbGV0ZSI6MTIwMDAwMDAwMDAwMH0sInNjaGVtYV92ZXJzaW9uIjoiMSJ9",
          "dependencies": [
            "module.network.aws_vpc.vpc"
          ],
          "create_before_destroy": true
        },
        {
          "index_key": 1,
          "schema_version": 1,
          "attributes": {
            "arn": "arn:aws:ec2:ap-south-1:023860687624:subnet/subnet-05609e9d151f73e1b",
            "assign_ipv6_address_on_creation": false,
            "availability_zone": "ap-south-1a",
            "availability_zone_id": "aps1-az1",
            "cidr_block": "192.168.96.0/19",
            "customer_owned_ipv4_pool": "",
            "enable_dns64": false,
            "enable_lni_at_device_index": 0,
            "enable_resource_name_dns_a_record_on_launch": false,
            "enable_resource_name_dns_aaaa_record_on_launch": false,
            "id": "subnet-05609e9d151f73e1b",
            "ipv6_cidr_block": "",
            "ipv6_cidr_block_association_id": "",
            "ipv6_native": false,
            "map_customer_owned_ip_on_launch": false,
            "map_public_ip_on_launch": false,
            "outpost_arn": "",
            "owner_id": "023860687624",
            "private_dns_hostname_type_on_launch": "ip-name",
            "tags": {
              "KubernetesCluster": "punjab-prod-fsm-eks",
              "Name": "ap-south-1a-punjab-prod-fsm-eks",
              "SubnetType": "Private",
              "kubernetes.io/cluster/punjab-prod-fsm-eks": "shared",
              "kubernetes.io/role/internal-elb": "1"
            },
            "tags_all": {
              "KubernetesCluster": "punjab-prod-fsm-eks",
              "Name": "ap-south-1a-punjab-prod-fsm-eks",
              "SubnetType": "Private",
              "kubernetes.io/cluster/punjab-prod-fsm-eks": "shared",
              "kubernetes.io/role/internal-elb": "1"
            },
            "timeouts": null,
            "vpc_id": "vpc-094e5140bca95a452"
          },
          "sensitive_attributes": [],
          "private": "eyJlMmJmYjczMC1lY2FhLTExZTYtOGY4OC0zNDM2M2JjN2M0YzAiOnsiY3JlYXRlIjo2MDAwMDAwMDAwMDAsImRlbGV0ZSI6MTIwMDAwMDAwMDAwMH0sInNjaGVtYV92ZXJzaW9uIjoiMSJ9",
          "dependencies": [
            "module.network.aws_vpc.vpc"
          ],
          "create_before_destroy": true
        }
      ]
    },
    {
      "module": "module.network",
      "mode": "managed",
      "type": "aws_subnet",
      "name": "public_subnet",
      "provider": "provider[\"registry.terraform.io/hashicorp/aws\"]",
      "instances": [
        {
          "index_key": 0,
          "schema_version": 1,
          "attributes": {
            "arn": "arn:aws:ec2:ap-south-1:023860687624:subnet/subnet-070c5419e3946c898",
            "assign_ipv6_address_on_creation": false,
            "availability_zone": "ap-south-1b",
            "availability_zone_id": "aps1-az3",
            "cidr_block": "192.168.0.0/21",
            "customer_owned_ipv4_pool": "",
            "enable_dns64": false,
            "enable_lni_at_device_index": 0,
            "enable_resource_name_dns_a_record_on_launch": false,
            "enable_resource_name_dns_aaaa_record_on_launch": false,
            "id": "subnet-070c5419e3946c898",
            "ipv6_cidr_block": "",
            "ipv6_cidr_block_association_id": "",
            "ipv6_native": false,
            "map_customer_owned_ip_on_launch": false,
            "map_public_ip_on_launch": false,
            "outpost_arn": "",
            "owner_id": "023860687624",
            "private_dns_hostname_type_on_launch": "ip-name",
            "tags": {
              "KubernetesCluster": "punjab-prod-fsm-eks",
              "Name": "utility-ap-south-1b-punjab-prod-fsm-eks",
              "SubnetType": "Utility",
              "kubernetes.io/cluster/punjab-prod-fsm-eks": "shared",
              "kubernetes.io/role/elb": "1"
            },
            "tags_all": {
              "KubernetesCluster": "punjab-prod-fsm-eks",
              "Name": "utility-ap-south-1b-punjab-prod-fsm-eks",
              "SubnetType": "Utility",
              "kubernetes.io/cluster/punjab-prod-fsm-eks": "shared",
              "kubernetes.io/role/elb": "1"
            },
            "timeouts": null,
            "vpc_id": "vpc-094e5140bca95a452"
          },
          "sensitive_attributes": [],
          "private": "eyJlMmJmYjczMC1lY2FhLTExZTYtOGY4OC0zNDM2M2JjN2M0YzAiOnsiY3JlYXRlIjo2MDAwMDAwMDAwMDAsImRlbGV0ZSI6MTIwMDAwMDAwMDAwMH0sInNjaGVtYV92ZXJzaW9uIjoiMSJ9",
          "dependencies": [
            "module.network.aws_vpc.vpc"
          ],
          "create_before_destroy": true
        },
        {
          "index_key": 1,
          "schema_version": 1,
          "attributes": {
            "arn": "arn:aws:ec2:ap-south-1:023860687624:subnet/subnet-0bace6652807f6578",
            "assign_ipv6_address_on_creation": false,
            "availability_zone": "ap-south-1a",
            "availability_zone_id": "aps1-az1",
            "cidr_block": "192.168.8.0/21",
            "customer_owned_ipv4_pool": "",
            "enable_dns64": false,
            "enable_lni_at_device_index": 0,
            "enable_resource_name_dns_a_record_on_launch": false,
            "enable_resource_name_dns_aaaa_record_on_launch": false,
            "id": "subnet-0bace6652807f6578",
            "ipv6_cidr_block": "",
            "ipv6_cidr_block_association_id": "",
            "ipv6_native": false,
            "map_customer_owned_ip_on_launch": false,
            "map_public_ip_on_launch": false,
            "outpost_arn": "",
            "owner_id": "023860687624",
            "private_dns_hostname_type_on_launch": "ip-name",
            "tags": {
              "KubernetesCluster": "punjab-prod-fsm-eks",
              "Name": "utility-ap-south-1a-punjab-prod-fsm-eks",
              "SubnetType": "Utility",
              "kubernetes.io/cluster/punjab-prod-fsm-eks": "shared",
              "kubernetes.io/role/elb": "1"
            },
            "tags_all": {
              "KubernetesCluster": "punjab-prod-fsm-eks",
              "Name": "utility-ap-south-1a-punjab-prod-fsm-eks",
              "SubnetType": "Utility",
              "kubernetes.io/cluster/punjab-prod-fsm-eks": "shared",
              "kubernetes.io/role/elb": "1"
            },
            "timeouts": null,
            "vpc_id": "vpc-094e5140bca95a452"
          },
          "sensitive_attributes": [],
          "private": "eyJlMmJmYjczMC1lY2FhLTExZTYtOGY4OC0zNDM2M2JjN2M0YzAiOnsiY3JlYXRlIjo2MDAwMDAwMDAwMDAsImRlbGV0ZSI6MTIwMDAwMDAwMDAwMH0sInNjaGVtYV92ZXJzaW9uIjoiMSJ9",
          "dependencies": [
            "module.network.aws_vpc.vpc"
          ],
          "create_before_destroy": true
        }
      ]
    },
    {
      "module": "module.network",
      "mode": "managed",
      "type": "aws_vpc",
      "name": "vpc",
      "provider": "provider[\"registry.terraform.io/hashicorp/aws\"]",
      "instances": [
        {
          "schema_version": 1,
          "attributes": {
            "arn": "arn:aws:ec2:ap-south-1:023860687624:vpc/vpc-094e5140bca95a452",
            "assign_generated_ipv6_cidr_block": false,
            "cidr_block": "192.168.0.0/16",
            "default_network_acl_id": "acl-07d03744e743564dc",
            "default_route_table_id": "rtb-02899dfccfa2a244c",
            "default_security_group_id": "sg-0f55cc3910d0fb924",
            "dhcp_options_id": "dopt-80e6fae8",
            "enable_dns_hostnames": true,
            "enable_dns_support": true,
            "enable_network_address_usage_metrics": false,
            "id": "vpc-094e5140bca95a452",
            "instance_tenancy": "default",
            "ipv4_ipam_pool_id": null,
            "ipv4_netmask_length": null,
            "ipv6_association_id": "",
            "ipv6_cidr_block": "",
            "ipv6_cidr_block_network_border_group": "",
            "ipv6_ipam_pool_id": "",
            "ipv6_netmask_length": 0,
            "main_route_table_id": "rtb-02899dfccfa2a244c",
            "owner_id": "023860687624",
            "tags": {
              "Name": "punjab-prod-fsm-eks",
              "kubernetes.io/cluster/punjab-prod-fsm-eks": "shared"
            },
            "tags_all": {
              "Name": "punjab-prod-fsm-eks",
              "kubernetes.io/cluster/punjab-prod-fsm-eks": "shared"
            }
          },
          "sensitive_attributes": [],
          "private": "eyJzY2hlbWFfdmVyc2lvbiI6IjEifQ==",
          "create_before_destroy": true
        }
      ]
    },
    {
      "module": "module.zookeeper",
      "mode": "managed",
      "type": "aws_ebs_volume",
      "name": "vol",
      "provider": "provider[\"registry.terraform.io/hashicorp/aws\"]",
      "instances": [
        {
          "index_key": 0,
          "schema_version": 0,
          "attributes": {
            "arn": "arn:aws:ec2:ap-south-1:023860687624:volume/vol-0679819502fcab58a",
            "availability_zone": "ap-south-1b",
            "encrypted": false,
            "final_snapshot": false,
            "id": "vol-0679819502fcab58a",
            "iops": 100,
            "kms_key_id": "",
            "multi_attach_enabled": false,
            "outpost_arn": "",
            "size": 2,
            "snapshot_id": "",
            "tags": {
              "KubernetesCluster": "punjab-prod-fsm-eks",
              "Name": "zookeeper-0"
            },
            "tags_all": {
              "KubernetesCluster": "punjab-prod-fsm-eks",
              "Name": "zookeeper-0"
            },
            "throughput": 0,
            "timeouts": null,
            "type": "gp2"
          },
          "sensitive_attributes": [],
          "private": "eyJlMmJmYjczMC1lY2FhLTExZTYtOGY4OC0zNDM2M2JjN2M0YzAiOnsiY3JlYXRlIjozMDAwMDAwMDAwMDAsImRlbGV0ZSI6MzAwMDAwMDAwMDAwLCJ1cGRhdGUiOjMwMDAwMDAwMDAwMH19"
        },
        {
          "index_key": 1,
          "schema_version": 0,
          "attributes": {
            "arn": "arn:aws:ec2:ap-south-1:023860687624:volume/vol-0998924f330a23b99",
            "availability_zone": "ap-south-1b",
            "encrypted": false,
            "final_snapshot": false,
            "id": "vol-0998924f330a23b99",
            "iops": 100,
            "kms_key_id": "",
            "multi_attach_enabled": false,
            "outpost_arn": "",
            "size": 2,
            "snapshot_id": "",
            "tags": {
              "KubernetesCluster": "punjab-prod-fsm-eks",
              "Name": "zookeeper-1"
            },
            "tags_all": {
              "KubernetesCluster": "punjab-prod-fsm-eks",
              "Name": "zookeeper-1"
            },
            "throughput": 0,
            "timeouts": null,
            "type": "gp2"
          },
          "sensitive_attributes": [],
          "private": "eyJlMmJmYjczMC1lY2FhLTExZTYtOGY4OC0zNDM2M2JjN2M0YzAiOnsiY3JlYXRlIjozMDAwMDAwMDAwMDAsImRlbGV0ZSI6MzAwMDAwMDAwMDAwLCJ1cGRhdGUiOjMwMDAwMDAwMDAwMH19"
        },
        {
          "index_key": 2,
          "schema_version": 0,
          "attributes": {
            "arn": "arn:aws:ec2:ap-south-1:023860687624:volume/vol-0d2c961078e0bf839",
            "availability_zone": "ap-south-1b",
            "encrypted": false,
            "final_snapshot": false,
            "id": "vol-0d2c961078e0bf839",
            "iops": 100,
            "kms_key_id": "",
            "multi_attach_enabled": false,
            "outpost_arn": "",
            "size": 2,
            "snapshot_id": "",
            "tags": {
              "KubernetesCluster": "punjab-prod-fsm-eks",
              "Name": "zookeeper-2"
            },
            "tags_all": {
              "KubernetesCluster": "punjab-prod-fsm-eks",
              "Name": "zookeeper-2"
            },
            "throughput": 0,
            "timeouts": null,
            "type": "gp2"
          },
          "sensitive_attributes": [],
          "private": "eyJlMmJmYjczMC1lY2FhLTExZTYtOGY4OC0zNDM2M2JjN2M0YzAiOnsiY3JlYXRlIjozMDAwMDAwMDAwMDAsImRlbGV0ZSI6MzAwMDAwMDAwMDAwLCJ1cGRhdGUiOjMwMDAwMDAwMDAwMH19"
        }
      ]
    }
  ],
  "check_results": null
}
